// !$*UTF8*$!
{
	archiveVersion = 1;
	classes = {
	};
	objectVersion = 56;
	objects = {

/* Begin PBXBuildFile section */
		24008BD32C5C05CB001DF2CF /* AudioPleer.swift in Sources */ = {isa = PBXBuildFile; fileRef = 24008BD22C5C05CB001DF2CF /* AudioPleer.swift */; };
		243E43692C5BE51F001D958D /* CustomTabBarButton.swift in Sources */ = {isa = PBXBuildFile; fileRef = 243E43632C5BE51F001D958D /* CustomTabBarButton.swift */; };
		243E436A2C5BE51F001D958D /* VerticalTabBar.swift in Sources */ = {isa = PBXBuildFile; fileRef = 243E43642C5BE51F001D958D /* VerticalTabBar.swift */; };
		243E436B2C5BE51F001D958D /* VerticalTabBarBuilder.swift in Sources */ = {isa = PBXBuildFile; fileRef = 243E43652C5BE51F001D958D /* VerticalTabBarBuilder.swift */; };
		243E436C2C5BE51F001D958D /* VerticalTabBarController.swift in Sources */ = {isa = PBXBuildFile; fileRef = 243E43662C5BE51F001D958D /* VerticalTabBarController.swift */; };
		243E436D2C5BE51F001D958D /* VerticalTabBarPresenter.swift in Sources */ = {isa = PBXBuildFile; fileRef = 243E43672C5BE51F001D958D /* VerticalTabBarPresenter.swift */; };
		A76E5E282C5820CD004A06B3 /* WelcomeView.swift in Sources */ = {isa = PBXBuildFile; fileRef = A76E5E272C5820CD004A06B3 /* WelcomeView.swift */; };
		A76E5E2A2C5820E4004A06B3 /* WelcomeController.swift in Sources */ = {isa = PBXBuildFile; fileRef = A76E5E292C5820E4004A06B3 /* WelcomeController.swift */; };
		D13ADE122C59E43D002B94AE /* AuthView.swift in Sources */ = {isa = PBXBuildFile; fileRef = D13ADE112C59E43C002B94AE /* AuthView.swift */; };
		D13ADE142C59E64B002B94AE /* AuthController.swift in Sources */ = {isa = PBXBuildFile; fileRef = D13ADE132C59E64B002B94AE /* AuthController.swift */; };
		D1A1D8412C5AE0E600ED1998 /* UIImageView_Extension.swift in Sources */ = {isa = PBXBuildFile; fileRef = D1A1D8402C5AE0E600ED1998 /* UIImageView_Extension.swift */; };
		D1A1D8432C5B02CC00ED1998 /* UIView_Extension.swift in Sources */ = {isa = PBXBuildFile; fileRef = D1A1D8422C5B02CC00ED1998 /* UIView_Extension.swift */; };
		D1A1D8452C5B179E00ED1998 /* PasswordView.swift in Sources */ = {isa = PBXBuildFile; fileRef = D1A1D8442C5B179E00ED1998 /* PasswordView.swift */; };
		D1A1D8472C5B17B400ED1998 /* PasswordController.swift in Sources */ = {isa = PBXBuildFile; fileRef = D1A1D8462C5B17B400ED1998 /* PasswordController.swift */; };
		D9E6F3662C56F362007FD2F0 /* AppDelegate.swift in Sources */ = {isa = PBXBuildFile; fileRef = D9E6F3652C56F362007FD2F0 /* AppDelegate.swift */; };
		D9E6F3682C56F362007FD2F0 /* SceneDelegate.swift in Sources */ = {isa = PBXBuildFile; fileRef = D9E6F3672C56F362007FD2F0 /* SceneDelegate.swift */; };
		D9E6F36A2C56F362007FD2F0 /* PopularController.swift in Sources */ = {isa = PBXBuildFile; fileRef = D9E6F3692C56F362007FD2F0 /* PopularController.swift */; };
		D9E6F36F2C56F364007FD2F0 /* Assets.xcassets in Resources */ = {isa = PBXBuildFile; fileRef = D9E6F36E2C56F364007FD2F0 /* Assets.xcassets */; };
		D9E6F3722C56F364007FD2F0 /* Base in Resources */ = {isa = PBXBuildFile; fileRef = D9E6F3712C56F364007FD2F0 /* Base */; };
		D9E6F3822C56F617007FD2F0 /* Localizable.strings in Resources */ = {isa = PBXBuildFile; fileRef = D9E6F3802C56F617007FD2F0 /* Localizable.strings */; };
		D9E6F38D2C56F845007FD2F0 /* PopularView.swift in Sources */ = {isa = PBXBuildFile; fileRef = D9E6F38C2C56F845007FD2F0 /* PopularView.swift */; };
		D9E6F3952C593066007FD2F0 /* Helpers.swift in Sources */ = {isa = PBXBuildFile; fileRef = D9E6F3942C593066007FD2F0 /* Helpers.swift */; };
		D9E6F3972C59307F007FD2F0 /* Components.swift in Sources */ = {isa = PBXBuildFile; fileRef = D9E6F3962C59307F007FD2F0 /* Components.swift */; };
		D9E6F3992C5930A8007FD2F0 /* Models.swift in Sources */ = {isa = PBXBuildFile; fileRef = D9E6F3982C5930A8007FD2F0 /* Models.swift */; };
		D9E6F39D2C5930C1007FD2F0 /* Search.swift in Sources */ = {isa = PBXBuildFile; fileRef = D9E6F39C2C5930C1007FD2F0 /* Search.swift */; };
		D9E6F39F2C5930CB007FD2F0 /* All.swift in Sources */ = {isa = PBXBuildFile; fileRef = D9E6F39E2C5930CB007FD2F0 /* All.swift */; };
		D9E6F3A12C5930D5007FD2F0 /* Fav.swift in Sources */ = {isa = PBXBuildFile; fileRef = D9E6F3A02C5930D5007FD2F0 /* Fav.swift */; };
		D9E6F3A32C5930E2007FD2F0 /* Detail.swift in Sources */ = {isa = PBXBuildFile; fileRef = D9E6F3A22C5930E2007FD2F0 /* Detail.swift */; };
		D9E6F3A92C59310D007FD2F0 /* Lang.swift in Sources */ = {isa = PBXBuildFile; fileRef = D9E6F3A82C59310D007FD2F0 /* Lang.swift */; };
		D9E6F3AB2C593117007FD2F0 /* Profile.swift in Sources */ = {isa = PBXBuildFile; fileRef = D9E6F3AA2C593117007FD2F0 /* Profile.swift */; };
		D9E6F3AD2C593120007FD2F0 /* About.swift in Sources */ = {isa = PBXBuildFile; fileRef = D9E6F3AC2C593120007FD2F0 /* About.swift */; };
		D9E6F3AF2C59312E007FD2F0 /* Policy.swift in Sources */ = {isa = PBXBuildFile; fileRef = D9E6F3AE2C59312E007FD2F0 /* Policy.swift */; };
		D9E6F3B22C5BE470007FD2F0 /* FirebaseAuth in Frameworks */ = {isa = PBXBuildFile; productRef = D9E6F3B12C5BE470007FD2F0 /* FirebaseAuth */; };
		D9E6F3B42C5BE470007FD2F0 /* FirebaseFirestore in Frameworks */ = {isa = PBXBuildFile; productRef = D9E6F3B32C5BE470007FD2F0 /* FirebaseFirestore */; };
		D9E6F3B92C5BE4C6007FD2F0 /* FirestoreManager.swift in Sources */ = {isa = PBXBuildFile; fileRef = D9E6F3B82C5BE4C6007FD2F0 /* FirestoreManager.swift */; };
		D9E6F3BB2C5BE4E0007FD2F0 /* AuthManager.swift in Sources */ = {isa = PBXBuildFile; fileRef = D9E6F3BA2C5BE4E0007FD2F0 /* AuthManager.swift */; };
		D9E6F3BE2C5BE57E007FD2F0 /* RegisterUserRequest.swift in Sources */ = {isa = PBXBuildFile; fileRef = D9E6F3BD2C5BE57E007FD2F0 /* RegisterUserRequest.swift */; };
		D9E6F3C02C5BE61C007FD2F0 /* LoginUserRequest.swift in Sources */ = {isa = PBXBuildFile; fileRef = D9E6F3BF2C5BE61C007FD2F0 /* LoginUserRequest.swift */; };
		D9E6F3C22C5BE6BD007FD2F0 /* UserManager.swift in Sources */ = {isa = PBXBuildFile; fileRef = D9E6F3C12C5BE6BD007FD2F0 /* UserManager.swift */; };
		D9E6F3C42C5BE6E3007FD2F0 /* User.swift in Sources */ = {isa = PBXBuildFile; fileRef = D9E6F3C32C5BE6E3007FD2F0 /* User.swift */; };
		D9E6F3C82C5BFF8F007FD2F0 /* FirebaseAppCheck in Frameworks */ = {isa = PBXBuildFile; productRef = D9E6F3C72C5BFF8F007FD2F0 /* FirebaseAppCheck */; };
		D9E6F3CA2C5E49FC007FD2F0 /* AuthBuilder.swift in Sources */ = {isa = PBXBuildFile; fileRef = D9E6F3C92C5E49FC007FD2F0 /* AuthBuilder.swift */; };
		D9E6F3CC2C5E4A06007FD2F0 /* AuthPresenter.swift in Sources */ = {isa = PBXBuildFile; fileRef = D9E6F3CB2C5E4A06007FD2F0 /* AuthPresenter.swift */; };
		D9E6F3CE2C5E4A12007FD2F0 /* AuthRouter.swift in Sources */ = {isa = PBXBuildFile; fileRef = D9E6F3CD2C5E4A12007FD2F0 /* AuthRouter.swift */; };
		D9E6F3D12C5E53F8007FD2F0 /* ResetPasswordPresenter.swift in Sources */ = {isa = PBXBuildFile; fileRef = D9E6F3D02C5E53F8007FD2F0 /* ResetPasswordPresenter.swift */; };
		D9E6F3D52C5E7D8E007FD2F0 /* FormField.swift in Sources */ = {isa = PBXBuildFile; fileRef = D9E6F3D42C5E7D8E007FD2F0 /* FormField.swift */; };
		D9E6F3D72C5E88AF007FD2F0 /* ValidationManager.swift in Sources */ = {isa = PBXBuildFile; fileRef = D9E6F3D62C5E88AF007FD2F0 /* ValidationManager.swift */; };
		D9E6F3D92C5E8AC9007FD2F0 /* AuthAlertManager.swift in Sources */ = {isa = PBXBuildFile; fileRef = D9E6F3D82C5E8AC9007FD2F0 /* AuthAlertManager.swift */; };
		D9E6F3DB2C5E8B6A007FD2F0 /* AlertManager.swift in Sources */ = {isa = PBXBuildFile; fileRef = D9E6F3DA2C5E8B6A007FD2F0 /* AlertManager.swift */; };
		D9E6F3DE2C5E9290007FD2F0 /* GoogleSignIn in Frameworks */ = {isa = PBXBuildFile; productRef = D9E6F3DD2C5E9290007FD2F0 /* GoogleSignIn */; };
		D9E6F3E02C5E9290007FD2F0 /* GoogleSignInSwift in Frameworks */ = {isa = PBXBuildFile; productRef = D9E6F3DF2C5E9290007FD2F0 /* GoogleSignInSwift */; };
		D9E6F3E22C5FB6A1007FD2F0 /* ResetPasswordRequest.swift in Sources */ = {isa = PBXBuildFile; fileRef = D9E6F3E12C5FB6A1007FD2F0 /* ResetPasswordRequest.swift */; };
		D9E6F3E42C5FB6C0007FD2F0 /* UpdatePasswordRequest.swift in Sources */ = {isa = PBXBuildFile; fileRef = D9E6F3E32C5FB6C0007FD2F0 /* UpdatePasswordRequest.swift */; };
		D9E6F3E62C5FCB11007FD2F0 /* UIResponder_Extension.swift in Sources */ = {isa = PBXBuildFile; fileRef = D9E6F3E52C5FCB11007FD2F0 /* UIResponder_Extension.swift */; };
		D9E6F3EA2C5FDB80007FD2F0 /* GoogleService-Info.plist in Resources */ = {isa = PBXBuildFile; fileRef = D9E6F3E92C5FDB80007FD2F0 /* GoogleService-Info.plist */; };
		D9E6F4142C612149007FD2F0 /* CoreData.framework in Frameworks */ = {isa = PBXBuildFile; fileRef = D9E6F4132C612149007FD2F0 /* CoreData.framework */; };
		D9E6F4172C612162007FD2F0 /* Radio.xcdatamodeld in Sources */ = {isa = PBXBuildFile; fileRef = D9E6F4152C612162007FD2F0 /* Radio.xcdatamodeld */; };
		D9E6F43C2C612423007FD2F0 /* CoreDataManager.swift in Sources */ = {isa = PBXBuildFile; fileRef = D9E6F43B2C612423007FD2F0 /* CoreDataManager.swift */; };
		D9E6F44D2C614469007FD2F0 /* RadioUser+CoreDataClass.swift in Sources */ = {isa = PBXBuildFile; fileRef = D9E6F4492C614469007FD2F0 /* RadioUser+CoreDataClass.swift */; };
		D9E6F44E2C614469007FD2F0 /* RadioUser+CoreDataProperties.swift in Sources */ = {isa = PBXBuildFile; fileRef = D9E6F44A2C614469007FD2F0 /* RadioUser+CoreDataProperties.swift */; };
		D9E6F44F2C614469007FD2F0 /* FavoriteStation+CoreDataClass.swift in Sources */ = {isa = PBXBuildFile; fileRef = D9E6F44B2C614469007FD2F0 /* FavoriteStation+CoreDataClass.swift */; };
		D9E6F4502C614469007FD2F0 /* FavoriteStation+CoreDataProperties.swift in Sources */ = {isa = PBXBuildFile; fileRef = D9E6F44C2C614469007FD2F0 /* FavoriteStation+CoreDataProperties.swift */; };
		D9E6F4542C6281F5007FD2F0 /* RoundedTriangleImageView.swift in Sources */ = {isa = PBXBuildFile; fileRef = D9E6F4532C6281F5007FD2F0 /* RoundedTriangleImageView.swift */; };
		F48255472C5D4EE400488872 /* Radio_API_Manager.swift in Sources */ = {isa = PBXBuildFile; fileRef = F48255462C5D4EE400488872 /* Radio_API_Manager.swift */; };
		F48255492C5D549600488872 /* Network_Manager.swift in Sources */ = {isa = PBXBuildFile; fileRef = F48255482C5D549600488872 /* Network_Manager.swift */; };
		F4DE1BF92C57AC2900D55FC5 /* UILabel_Extension.swift in Sources */ = {isa = PBXBuildFile; fileRef = F4DE1BF82C57AC2900D55FC5 /* UILabel_Extension.swift */; };
		F4DE1C122C57C76000D55FC5 /* SF-Pro-Display-Medium.otf in Resources */ = {isa = PBXBuildFile; fileRef = F4DE1C0F2C57C76000D55FC5 /* SF-Pro-Display-Medium.otf */; };
		F4DE1C1A2C57E81B00D55FC5 /* UIButton_Extension.swift in Sources */ = {isa = PBXBuildFile; fileRef = F4DE1C192C57E81B00D55FC5 /* UIButton_Extension.swift */; };
		F4DE1C1C2C57EDA400D55FC5 /* UI_Components.swift in Sources */ = {isa = PBXBuildFile; fileRef = F4DE1C1B2C57EDA400D55FC5 /* UI_Components.swift */; };
		F4DE1C242C590A9300D55FC5 /* UITextField_Extension.swift in Sources */ = {isa = PBXBuildFile; fileRef = F4DE1C232C590A9300D55FC5 /* UITextField_Extension.swift */; };
		F4DE1C262C590FEB00D55FC5 /* Inter-Bold.ttf in Resources */ = {isa = PBXBuildFile; fileRef = F4DE1C252C590FEB00D55FC5 /* Inter-Bold.ttf */; };
		F4DE1C282C59123E00D55FC5 /* SF-Pro-Display-Light.otf in Resources */ = {isa = PBXBuildFile; fileRef = F4DE1C272C59123E00D55FC5 /* SF-Pro-Display-Light.otf */; };
		F4DE1C2A2C59173500D55FC5 /* Constants.swift in Sources */ = {isa = PBXBuildFile; fileRef = F4DE1C292C59173500D55FC5 /* Constants.swift */; };
		F4DE1C312C5A7B7800D55FC5 /* Request Models.swift in Sources */ = {isa = PBXBuildFile; fileRef = F4DE1C302C5A7B7800D55FC5 /* Request Models.swift */; };
		F4DE1C332C5A7D1500D55FC5 /* API.swift in Sources */ = {isa = PBXBuildFile; fileRef = F4DE1C322C5A7D1500D55FC5 /* API.swift */; };
		F4DE1C352C5A84AE00D55FC5 /* Endpoints.swift in Sources */ = {isa = PBXBuildFile; fileRef = F4DE1C342C5A84AE00D55FC5 /* Endpoints.swift */; };
/* End PBXBuildFile section */

/* Begin PBXFileReference section */
		24008BD22C5C05CB001DF2CF /* AudioPleer.swift */ = {isa = PBXFileReference; lastKnownFileType = sourcecode.swift; path = AudioPleer.swift; sourceTree = "<group>"; };
		243E43632C5BE51F001D958D /* CustomTabBarButton.swift */ = {isa = PBXFileReference; fileEncoding = 4; lastKnownFileType = sourcecode.swift; path = CustomTabBarButton.swift; sourceTree = "<group>"; };
		243E43642C5BE51F001D958D /* VerticalTabBar.swift */ = {isa = PBXFileReference; fileEncoding = 4; lastKnownFileType = sourcecode.swift; path = VerticalTabBar.swift; sourceTree = "<group>"; };
		243E43652C5BE51F001D958D /* VerticalTabBarBuilder.swift */ = {isa = PBXFileReference; fileEncoding = 4; lastKnownFileType = sourcecode.swift; path = VerticalTabBarBuilder.swift; sourceTree = "<group>"; };
		243E43662C5BE51F001D958D /* VerticalTabBarController.swift */ = {isa = PBXFileReference; fileEncoding = 4; lastKnownFileType = sourcecode.swift; path = VerticalTabBarController.swift; sourceTree = "<group>"; };
		243E43672C5BE51F001D958D /* VerticalTabBarPresenter.swift */ = {isa = PBXFileReference; fileEncoding = 4; lastKnownFileType = sourcecode.swift; path = VerticalTabBarPresenter.swift; sourceTree = "<group>"; };
		A76E5E272C5820CD004A06B3 /* WelcomeView.swift */ = {isa = PBXFileReference; lastKnownFileType = sourcecode.swift; path = WelcomeView.swift; sourceTree = "<group>"; };
		A76E5E292C5820E4004A06B3 /* WelcomeController.swift */ = {isa = PBXFileReference; lastKnownFileType = sourcecode.swift; path = WelcomeController.swift; sourceTree = "<group>"; };
		D13ADE112C59E43C002B94AE /* AuthView.swift */ = {isa = PBXFileReference; lastKnownFileType = sourcecode.swift; path = AuthView.swift; sourceTree = "<group>"; };
		D13ADE132C59E64B002B94AE /* AuthController.swift */ = {isa = PBXFileReference; lastKnownFileType = sourcecode.swift; path = AuthController.swift; sourceTree = "<group>"; };
		D1A1D8402C5AE0E600ED1998 /* UIImageView_Extension.swift */ = {isa = PBXFileReference; lastKnownFileType = sourcecode.swift; path = UIImageView_Extension.swift; sourceTree = "<group>"; };
		D1A1D8422C5B02CC00ED1998 /* UIView_Extension.swift */ = {isa = PBXFileReference; lastKnownFileType = sourcecode.swift; path = UIView_Extension.swift; sourceTree = "<group>"; };
		D1A1D8442C5B179E00ED1998 /* PasswordView.swift */ = {isa = PBXFileReference; lastKnownFileType = sourcecode.swift; path = PasswordView.swift; sourceTree = "<group>"; };
		D1A1D8462C5B17B400ED1998 /* PasswordController.swift */ = {isa = PBXFileReference; lastKnownFileType = sourcecode.swift; path = PasswordController.swift; sourceTree = "<group>"; };
		D9E6F3622C56F362007FD2F0 /* radio-app-ios.app */ = {isa = PBXFileReference; explicitFileType = wrapper.application; includeInIndex = 0; path = "radio-app-ios.app"; sourceTree = BUILT_PRODUCTS_DIR; };
		D9E6F3652C56F362007FD2F0 /* AppDelegate.swift */ = {isa = PBXFileReference; lastKnownFileType = sourcecode.swift; path = AppDelegate.swift; sourceTree = "<group>"; };
		D9E6F3672C56F362007FD2F0 /* SceneDelegate.swift */ = {isa = PBXFileReference; lastKnownFileType = sourcecode.swift; path = SceneDelegate.swift; sourceTree = "<group>"; };
		D9E6F3692C56F362007FD2F0 /* PopularController.swift */ = {isa = PBXFileReference; lastKnownFileType = sourcecode.swift; path = PopularController.swift; sourceTree = "<group>"; };
		D9E6F36E2C56F364007FD2F0 /* Assets.xcassets */ = {isa = PBXFileReference; lastKnownFileType = folder.assetcatalog; path = Assets.xcassets; sourceTree = "<group>"; };
		D9E6F3712C56F364007FD2F0 /* Base */ = {isa = PBXFileReference; lastKnownFileType = file.storyboard; name = Base; path = Base.lproj/LaunchScreen.storyboard; sourceTree = "<group>"; };
		D9E6F3732C56F364007FD2F0 /* Info.plist */ = {isa = PBXFileReference; lastKnownFileType = text.plist.xml; path = Info.plist; sourceTree = "<group>"; };
		D9E6F3812C56F617007FD2F0 /* en */ = {isa = PBXFileReference; lastKnownFileType = text.plist.strings; name = en; path = en.lproj/Localizable.strings; sourceTree = "<group>"; };
		D9E6F3832C56F65A007FD2F0 /* ru */ = {isa = PBXFileReference; lastKnownFileType = text.plist.strings; name = ru; path = ru.lproj/Localizable.strings; sourceTree = "<group>"; };
		D9E6F38C2C56F845007FD2F0 /* PopularView.swift */ = {isa = PBXFileReference; lastKnownFileType = sourcecode.swift; path = PopularView.swift; sourceTree = "<group>"; };
		D9E6F3942C593066007FD2F0 /* Helpers.swift */ = {isa = PBXFileReference; lastKnownFileType = sourcecode.swift; path = Helpers.swift; sourceTree = "<group>"; };
		D9E6F3962C59307F007FD2F0 /* Components.swift */ = {isa = PBXFileReference; lastKnownFileType = sourcecode.swift; path = Components.swift; sourceTree = "<group>"; };
		D9E6F3982C5930A8007FD2F0 /* Models.swift */ = {isa = PBXFileReference; lastKnownFileType = sourcecode.swift; path = Models.swift; sourceTree = "<group>"; };
		D9E6F39C2C5930C1007FD2F0 /* Search.swift */ = {isa = PBXFileReference; lastKnownFileType = sourcecode.swift; path = Search.swift; sourceTree = "<group>"; };
		D9E6F39E2C5930CB007FD2F0 /* All.swift */ = {isa = PBXFileReference; lastKnownFileType = sourcecode.swift; path = All.swift; sourceTree = "<group>"; };
		D9E6F3A02C5930D5007FD2F0 /* Fav.swift */ = {isa = PBXFileReference; lastKnownFileType = sourcecode.swift; path = Fav.swift; sourceTree = "<group>"; };
		D9E6F3A22C5930E2007FD2F0 /* Detail.swift */ = {isa = PBXFileReference; lastKnownFileType = sourcecode.swift; path = Detail.swift; sourceTree = "<group>"; };
		D9E6F3A82C59310D007FD2F0 /* Lang.swift */ = {isa = PBXFileReference; lastKnownFileType = sourcecode.swift; path = Lang.swift; sourceTree = "<group>"; };
		D9E6F3AA2C593117007FD2F0 /* Profile.swift */ = {isa = PBXFileReference; lastKnownFileType = sourcecode.swift; path = Profile.swift; sourceTree = "<group>"; };
		D9E6F3AC2C593120007FD2F0 /* About.swift */ = {isa = PBXFileReference; lastKnownFileType = sourcecode.swift; path = About.swift; sourceTree = "<group>"; };
		D9E6F3AE2C59312E007FD2F0 /* Policy.swift */ = {isa = PBXFileReference; lastKnownFileType = sourcecode.swift; path = Policy.swift; sourceTree = "<group>"; };
		D9E6F3B82C5BE4C6007FD2F0 /* FirestoreManager.swift */ = {isa = PBXFileReference; lastKnownFileType = sourcecode.swift; path = FirestoreManager.swift; sourceTree = "<group>"; };
		D9E6F3BA2C5BE4E0007FD2F0 /* AuthManager.swift */ = {isa = PBXFileReference; lastKnownFileType = sourcecode.swift; path = AuthManager.swift; sourceTree = "<group>"; };
		D9E6F3BD2C5BE57E007FD2F0 /* RegisterUserRequest.swift */ = {isa = PBXFileReference; lastKnownFileType = sourcecode.swift; path = RegisterUserRequest.swift; sourceTree = "<group>"; };
		D9E6F3BF2C5BE61C007FD2F0 /* LoginUserRequest.swift */ = {isa = PBXFileReference; lastKnownFileType = sourcecode.swift; path = LoginUserRequest.swift; sourceTree = "<group>"; };
		D9E6F3C12C5BE6BD007FD2F0 /* UserManager.swift */ = {isa = PBXFileReference; lastKnownFileType = sourcecode.swift; path = UserManager.swift; sourceTree = "<group>"; };
		D9E6F3C32C5BE6E3007FD2F0 /* User.swift */ = {isa = PBXFileReference; lastKnownFileType = sourcecode.swift; path = User.swift; sourceTree = "<group>"; };
		D9E6F3C92C5E49FC007FD2F0 /* AuthBuilder.swift */ = {isa = PBXFileReference; lastKnownFileType = sourcecode.swift; path = AuthBuilder.swift; sourceTree = "<group>"; };
		D9E6F3CB2C5E4A06007FD2F0 /* AuthPresenter.swift */ = {isa = PBXFileReference; lastKnownFileType = sourcecode.swift; path = AuthPresenter.swift; sourceTree = "<group>"; };
		D9E6F3CD2C5E4A12007FD2F0 /* AuthRouter.swift */ = {isa = PBXFileReference; lastKnownFileType = sourcecode.swift; path = AuthRouter.swift; sourceTree = "<group>"; };
		D9E6F3D02C5E53F8007FD2F0 /* ResetPasswordPresenter.swift */ = {isa = PBXFileReference; lastKnownFileType = sourcecode.swift; path = ResetPasswordPresenter.swift; sourceTree = "<group>"; };
		D9E6F3D42C5E7D8E007FD2F0 /* FormField.swift */ = {isa = PBXFileReference; lastKnownFileType = sourcecode.swift; path = FormField.swift; sourceTree = "<group>"; };
		D9E6F3D62C5E88AF007FD2F0 /* ValidationManager.swift */ = {isa = PBXFileReference; lastKnownFileType = sourcecode.swift; path = ValidationManager.swift; sourceTree = "<group>"; };
		D9E6F3D82C5E8AC9007FD2F0 /* AuthAlertManager.swift */ = {isa = PBXFileReference; lastKnownFileType = sourcecode.swift; path = AuthAlertManager.swift; sourceTree = "<group>"; };
		D9E6F3DA2C5E8B6A007FD2F0 /* AlertManager.swift */ = {isa = PBXFileReference; lastKnownFileType = sourcecode.swift; path = AlertManager.swift; sourceTree = "<group>"; };
		D9E6F3E12C5FB6A1007FD2F0 /* ResetPasswordRequest.swift */ = {isa = PBXFileReference; lastKnownFileType = sourcecode.swift; path = ResetPasswordRequest.swift; sourceTree = "<group>"; };
		D9E6F3E32C5FB6C0007FD2F0 /* UpdatePasswordRequest.swift */ = {isa = PBXFileReference; lastKnownFileType = sourcecode.swift; path = UpdatePasswordRequest.swift; sourceTree = "<group>"; };
		D9E6F3E52C5FCB11007FD2F0 /* UIResponder_Extension.swift */ = {isa = PBXFileReference; lastKnownFileType = sourcecode.swift; path = UIResponder_Extension.swift; sourceTree = "<group>"; };
		D9E6F3E92C5FDB80007FD2F0 /* GoogleService-Info.plist */ = {isa = PBXFileReference; fileEncoding = 4; lastKnownFileType = text.plist.xml; path = "GoogleService-Info.plist"; sourceTree = "<group>"; };
		D9E6F4132C612149007FD2F0 /* CoreData.framework */ = {isa = PBXFileReference; lastKnownFileType = wrapper.framework; name = CoreData.framework; path = System/Library/Frameworks/CoreData.framework; sourceTree = SDKROOT; };
		D9E6F4162C612162007FD2F0 /* Radio.xcdatamodel */ = {isa = PBXFileReference; lastKnownFileType = wrapper.xcdatamodel; path = Radio.xcdatamodel; sourceTree = "<group>"; };
		D9E6F43B2C612423007FD2F0 /* CoreDataManager.swift */ = {isa = PBXFileReference; fileEncoding = 4; lastKnownFileType = sourcecode.swift; path = CoreDataManager.swift; sourceTree = "<group>"; };
		D9E6F4492C614469007FD2F0 /* RadioUser+CoreDataClass.swift */ = {isa = PBXFileReference; lastKnownFileType = sourcecode.swift; path = "RadioUser+CoreDataClass.swift"; sourceTree = SOURCE_ROOT; };
		D9E6F44A2C614469007FD2F0 /* RadioUser+CoreDataProperties.swift */ = {isa = PBXFileReference; lastKnownFileType = sourcecode.swift; path = "RadioUser+CoreDataProperties.swift"; sourceTree = SOURCE_ROOT; };
		D9E6F44B2C614469007FD2F0 /* FavoriteStation+CoreDataClass.swift */ = {isa = PBXFileReference; lastKnownFileType = sourcecode.swift; path = "FavoriteStation+CoreDataClass.swift"; sourceTree = SOURCE_ROOT; };
		D9E6F44C2C614469007FD2F0 /* FavoriteStation+CoreDataProperties.swift */ = {isa = PBXFileReference; lastKnownFileType = sourcecode.swift; path = "FavoriteStation+CoreDataProperties.swift"; sourceTree = SOURCE_ROOT; };
		D9E6F4532C6281F5007FD2F0 /* RoundedTriangleImageView.swift */ = {isa = PBXFileReference; lastKnownFileType = sourcecode.swift; path = RoundedTriangleImageView.swift; sourceTree = "<group>"; };
		F48255462C5D4EE400488872 /* Radio_API_Manager.swift */ = {isa = PBXFileReference; lastKnownFileType = sourcecode.swift; path = Radio_API_Manager.swift; sourceTree = "<group>"; };
		F48255482C5D549600488872 /* Network_Manager.swift */ = {isa = PBXFileReference; fileEncoding = 4; lastKnownFileType = sourcecode.swift; path = Network_Manager.swift; sourceTree = "<group>"; };
		F4DE1BF82C57AC2900D55FC5 /* UILabel_Extension.swift */ = {isa = PBXFileReference; fileEncoding = 4; lastKnownFileType = sourcecode.swift; path = UILabel_Extension.swift; sourceTree = "<group>"; };
		F4DE1C0F2C57C76000D55FC5 /* SF-Pro-Display-Medium.otf */ = {isa = PBXFileReference; lastKnownFileType = file; path = "SF-Pro-Display-Medium.otf"; sourceTree = "<group>"; };
		F4DE1C192C57E81B00D55FC5 /* UIButton_Extension.swift */ = {isa = PBXFileReference; lastKnownFileType = sourcecode.swift; path = UIButton_Extension.swift; sourceTree = "<group>"; };
		F4DE1C1B2C57EDA400D55FC5 /* UI_Components.swift */ = {isa = PBXFileReference; lastKnownFileType = sourcecode.swift; path = UI_Components.swift; sourceTree = "<group>"; };
		F4DE1C232C590A9300D55FC5 /* UITextField_Extension.swift */ = {isa = PBXFileReference; lastKnownFileType = sourcecode.swift; path = UITextField_Extension.swift; sourceTree = "<group>"; };
		F4DE1C252C590FEB00D55FC5 /* Inter-Bold.ttf */ = {isa = PBXFileReference; lastKnownFileType = file; path = "Inter-Bold.ttf"; sourceTree = "<group>"; };
		F4DE1C272C59123E00D55FC5 /* SF-Pro-Display-Light.otf */ = {isa = PBXFileReference; lastKnownFileType = file; path = "SF-Pro-Display-Light.otf"; sourceTree = "<group>"; };
		F4DE1C292C59173500D55FC5 /* Constants.swift */ = {isa = PBXFileReference; lastKnownFileType = sourcecode.swift; path = Constants.swift; sourceTree = "<group>"; };
		F4DE1C302C5A7B7800D55FC5 /* Request Models.swift */ = {isa = PBXFileReference; lastKnownFileType = sourcecode.swift; path = "Request Models.swift"; sourceTree = "<group>"; };
		F4DE1C322C5A7D1500D55FC5 /* API.swift */ = {isa = PBXFileReference; lastKnownFileType = sourcecode.swift; path = API.swift; sourceTree = "<group>"; };
		F4DE1C342C5A84AE00D55FC5 /* Endpoints.swift */ = {isa = PBXFileReference; lastKnownFileType = sourcecode.swift; path = Endpoints.swift; sourceTree = "<group>"; };
/* End PBXFileReference section */

/* Begin PBXFrameworksBuildPhase section */
		D9E6F35F2C56F362007FD2F0 /* Frameworks */ = {
			isa = PBXFrameworksBuildPhase;
			buildActionMask = 2147483647;
			files = (
				D9E6F3E02C5E9290007FD2F0 /* GoogleSignInSwift in Frameworks */,
				D9E6F4142C612149007FD2F0 /* CoreData.framework in Frameworks */,
				D9E6F3B22C5BE470007FD2F0 /* FirebaseAuth in Frameworks */,
				D9E6F3DE2C5E9290007FD2F0 /* GoogleSignIn in Frameworks */,
				D9E6F3C82C5BFF8F007FD2F0 /* FirebaseAppCheck in Frameworks */,
				D9E6F3B42C5BE470007FD2F0 /* FirebaseFirestore in Frameworks */,
			);
			runOnlyForDeploymentPostprocessing = 0;
		};
/* End PBXFrameworksBuildPhase section */

/* Begin PBXGroup section */
		24008BD42C5C05D4001DF2CF /* AudioPleer */ = {
			isa = PBXGroup;
			children = (
				24008BD22C5C05CB001DF2CF /* AudioPleer.swift */,
			);
			path = AudioPleer;
			sourceTree = "<group>";
		};
		243E43682C5BE51F001D958D /* VerticalTabBar */ = {
			isa = PBXGroup;
			children = (
				243E43632C5BE51F001D958D /* CustomTabBarButton.swift */,
				243E43642C5BE51F001D958D /* VerticalTabBar.swift */,
				243E43652C5BE51F001D958D /* VerticalTabBarBuilder.swift */,
				243E43662C5BE51F001D958D /* VerticalTabBarController.swift */,
				243E43672C5BE51F001D958D /* VerticalTabBarPresenter.swift */,
			);
			path = VerticalTabBar;
			sourceTree = "<group>";
		};
		D9E6F3592C56F362007FD2F0 = {
			isa = PBXGroup;
			children = (
				D9E6F3642C56F362007FD2F0 /* radio-app-ios */,
				D9E6F3632C56F362007FD2F0 /* Products */,
				D9E6F4122C612149007FD2F0 /* Frameworks */,
			);
			sourceTree = "<group>";
		};
		D9E6F3632C56F362007FD2F0 /* Products */ = {
			isa = PBXGroup;
			children = (
				D9E6F3622C56F362007FD2F0 /* radio-app-ios.app */,
			);
			name = Products;
			sourceTree = "<group>";
		};
		D9E6F3642C56F362007FD2F0 /* radio-app-ios */ = {
			isa = PBXGroup;
			children = (
				D9E6F3E92C5FDB80007FD2F0 /* GoogleService-Info.plist */,
				D9E6F3932C56FD8B007FD2F0 /* Helpers */,
				D9E6F3922C56FD74007FD2F0 /* Components */,
				D9E6F3912C56FD6D007FD2F0 /* Extensions */,
				D9E6F3902C56FD66007FD2F0 /* Models */,
				D9E6F38F2C56FD5D007FD2F0 /* Services */,
				D9E6F37E2C56F56F007FD2F0 /* Resources */,
				D9E6F3792C56F4EB007FD2F0 /* Screens */,
				D9E6F3652C56F362007FD2F0 /* AppDelegate.swift */,
				D9E6F3672C56F362007FD2F0 /* SceneDelegate.swift */,
				D9E6F36E2C56F364007FD2F0 /* Assets.xcassets */,
				D9E6F3702C56F364007FD2F0 /* LaunchScreen.storyboard */,
				D9E6F3732C56F364007FD2F0 /* Info.plist */,
			);
			path = "radio-app-ios";
			sourceTree = "<group>";
		};
		D9E6F3792C56F4EB007FD2F0 /* Screens */ = {
			isa = PBXGroup;
			children = (
				D9E6F3872C56F77D007FD2F0 /* Search */,
				D9E6F3862C56F741007FD2F0 /* All */,
				D9E6F3852C56F733007FD2F0 /* Favorites */,
				D9E6F3842C56F72A007FD2F0 /* Detail */,
				D9E6F37D2C56F51A007FD2F0 /* Settings */,
				D9E6F37C2C56F515007FD2F0 /* Auth */,
				D9E6F37B2C56F50E007FD2F0 /* Welcome */,
				D9E6F37A2C56F4F4007FD2F0 /* Popular */,
			);
			path = Screens;
			sourceTree = "<group>";
		};
		D9E6F37A2C56F4F4007FD2F0 /* Popular */ = {
			isa = PBXGroup;
			children = (
				D9E6F3692C56F362007FD2F0 /* PopularController.swift */,
				D9E6F38C2C56F845007FD2F0 /* PopularView.swift */,
			);
			path = Popular;
			sourceTree = "<group>";
		};
		D9E6F37B2C56F50E007FD2F0 /* Welcome */ = {
			isa = PBXGroup;
			children = (
				A76E5E292C5820E4004A06B3 /* WelcomeController.swift */,
				A76E5E272C5820CD004A06B3 /* WelcomeView.swift */,
			);
			path = Welcome;
			sourceTree = "<group>";
		};
		D9E6F37C2C56F515007FD2F0 /* Auth */ = {
			isa = PBXGroup;
			children = (
				D9E6F3D32C5E5532007FD2F0 /* View */,
				D9E6F3D22C5E5515007FD2F0 /* Controller */,
				D9E6F3CF2C5E53D8007FD2F0 /* Presenter */,
				D9E6F3C92C5E49FC007FD2F0 /* AuthBuilder.swift */,
				D9E6F3CD2C5E4A12007FD2F0 /* AuthRouter.swift */,
			);
			path = Auth;
			sourceTree = "<group>";
		};
		D9E6F37D2C56F51A007FD2F0 /* Settings */ = {
			isa = PBXGroup;
			children = (
				D9E6F38B2C56F7DB007FD2F0 /* Languages */,
				D9E6F38A2C56F7CF007FD2F0 /* Profile */,
				D9E6F3892C56F7AD007FD2F0 /* About */,
				D9E6F3882C56F79D007FD2F0 /* Policy */,
			);
			path = Settings;
			sourceTree = "<group>";
		};
		D9E6F37E2C56F56F007FD2F0 /* Resources */ = {
			isa = PBXGroup;
			children = (
				D9E6F38E2C56FD36007FD2F0 /* Fonts */,
				F4DE1C1B2C57EDA400D55FC5 /* UI_Components.swift */,
				D9E6F3802C56F617007FD2F0 /* Localizable.strings */,
				F4DE1C292C59173500D55FC5 /* Constants.swift */,
			);
			path = Resources;
			sourceTree = "<group>";
		};
		D9E6F3842C56F72A007FD2F0 /* Detail */ = {
			isa = PBXGroup;
			children = (
				D9E6F3A22C5930E2007FD2F0 /* Detail.swift */,
			);
			path = Detail;
			sourceTree = "<group>";
		};
		D9E6F3852C56F733007FD2F0 /* Favorites */ = {
			isa = PBXGroup;
			children = (
				D9E6F3A02C5930D5007FD2F0 /* Fav.swift */,
			);
			path = Favorites;
			sourceTree = "<group>";
		};
		D9E6F3862C56F741007FD2F0 /* All */ = {
			isa = PBXGroup;
			children = (
				D9E6F39E2C5930CB007FD2F0 /* All.swift */,
			);
			path = All;
			sourceTree = "<group>";
		};
		D9E6F3872C56F77D007FD2F0 /* Search */ = {
			isa = PBXGroup;
			children = (
				D9E6F39C2C5930C1007FD2F0 /* Search.swift */,
			);
			path = Search;
			sourceTree = "<group>";
		};
		D9E6F3882C56F79D007FD2F0 /* Policy */ = {
			isa = PBXGroup;
			children = (
				D9E6F3AE2C59312E007FD2F0 /* Policy.swift */,
			);
			path = Policy;
			sourceTree = "<group>";
		};
		D9E6F3892C56F7AD007FD2F0 /* About */ = {
			isa = PBXGroup;
			children = (
				D9E6F3AC2C593120007FD2F0 /* About.swift */,
			);
			path = About;
			sourceTree = "<group>";
		};
		D9E6F38A2C56F7CF007FD2F0 /* Profile */ = {
			isa = PBXGroup;
			children = (
				D9E6F3AA2C593117007FD2F0 /* Profile.swift */,
			);
			path = Profile;
			sourceTree = "<group>";
		};
		D9E6F38B2C56F7DB007FD2F0 /* Languages */ = {
			isa = PBXGroup;
			children = (
				D9E6F3A82C59310D007FD2F0 /* Lang.swift */,
			);
			path = Languages;
			sourceTree = "<group>";
		};
		D9E6F38E2C56FD36007FD2F0 /* Fonts */ = {
			isa = PBXGroup;
			children = (
				F4DE1C252C590FEB00D55FC5 /* Inter-Bold.ttf */,
				F4DE1C272C59123E00D55FC5 /* SF-Pro-Display-Light.otf */,
				F4DE1C0F2C57C76000D55FC5 /* SF-Pro-Display-Medium.otf */,
			);
			path = Fonts;
			sourceTree = "<group>";
		};
		D9E6F38F2C56FD5D007FD2F0 /* Services */ = {
			isa = PBXGroup;
			children = (
				D9E6F43B2C612423007FD2F0 /* CoreDataManager.swift */,
				24008BD42C5C05D4001DF2CF /* AudioPleer */,
				F4DE1C2F2C5A781300D55FC5 /* Network Layer */,
				D9E6F3B72C5BE4AA007FD2F0 /* Auth */,
				D9E6F3C12C5BE6BD007FD2F0 /* UserManager.swift */,
				D9E6F3DA2C5E8B6A007FD2F0 /* AlertManager.swift */,
			);
			path = Services;
			sourceTree = "<group>";
		};
		D9E6F3902C56FD66007FD2F0 /* Models */ = {
			isa = PBXGroup;
			children = (
				D9E6F4112C61212C007FD2F0 /* DB */,
				D9E6F3982C5930A8007FD2F0 /* Models.swift */,
				D9E6F3C32C5BE6E3007FD2F0 /* User.swift */,
			);
			path = Models;
			sourceTree = "<group>";
		};
		D9E6F3912C56FD6D007FD2F0 /* Extensions */ = {
			isa = PBXGroup;
			children = (
				F4DE1BF82C57AC2900D55FC5 /* UILabel_Extension.swift */,
				F4DE1C192C57E81B00D55FC5 /* UIButton_Extension.swift */,
				F4DE1C232C590A9300D55FC5 /* UITextField_Extension.swift */,
				D1A1D8402C5AE0E600ED1998 /* UIImageView_Extension.swift */,
				D1A1D8422C5B02CC00ED1998 /* UIView_Extension.swift */,
				D9E6F3E52C5FCB11007FD2F0 /* UIResponder_Extension.swift */,
			);
			path = Extensions;
			sourceTree = "<group>";
		};
		D9E6F3922C56FD74007FD2F0 /* Components */ = {
			isa = PBXGroup;
			children = (
				243E43682C5BE51F001D958D /* VerticalTabBar */,
				D9E6F3962C59307F007FD2F0 /* Components.swift */,
				D9E6F3D42C5E7D8E007FD2F0 /* FormField.swift */,
				D9E6F4532C6281F5007FD2F0 /* RoundedTriangleImageView.swift */,
			);
			path = Components;
			sourceTree = "<group>";
		};
		D9E6F3932C56FD8B007FD2F0 /* Helpers */ = {
			isa = PBXGroup;
			children = (
				D9E6F3942C593066007FD2F0 /* Helpers.swift */,
			);
			path = Helpers;
			sourceTree = "<group>";
		};
		D9E6F3B72C5BE4AA007FD2F0 /* Auth */ = {
			isa = PBXGroup;
			children = (
				D9E6F3BC2C5BE56C007FD2F0 /* Request */,
				D9E6F3B82C5BE4C6007FD2F0 /* FirestoreManager.swift */,
				D9E6F3BA2C5BE4E0007FD2F0 /* AuthManager.swift */,
				D9E6F3D62C5E88AF007FD2F0 /* ValidationManager.swift */,
				D9E6F3D82C5E8AC9007FD2F0 /* AuthAlertManager.swift */,
			);
			path = Auth;
			sourceTree = "<group>";
		};
		D9E6F3BC2C5BE56C007FD2F0 /* Request */ = {
			isa = PBXGroup;
			children = (
				D9E6F3BD2C5BE57E007FD2F0 /* RegisterUserRequest.swift */,
				D9E6F3BF2C5BE61C007FD2F0 /* LoginUserRequest.swift */,
				D9E6F3E12C5FB6A1007FD2F0 /* ResetPasswordRequest.swift */,
				D9E6F3E32C5FB6C0007FD2F0 /* UpdatePasswordRequest.swift */,
			);
			path = Request;
			sourceTree = "<group>";
		};
		D9E6F3CF2C5E53D8007FD2F0 /* Presenter */ = {
			isa = PBXGroup;
			children = (
				D9E6F3CB2C5E4A06007FD2F0 /* AuthPresenter.swift */,
				D9E6F3D02C5E53F8007FD2F0 /* ResetPasswordPresenter.swift */,
			);
			path = Presenter;
			sourceTree = "<group>";
		};
		D9E6F3D22C5E5515007FD2F0 /* Controller */ = {
			isa = PBXGroup;
			children = (
				D1A1D8462C5B17B400ED1998 /* PasswordController.swift */,
				D13ADE132C59E64B002B94AE /* AuthController.swift */,
			);
			path = Controller;
			sourceTree = "<group>";
		};
		D9E6F3D32C5E5532007FD2F0 /* View */ = {
			isa = PBXGroup;
			children = (
				D13ADE112C59E43C002B94AE /* AuthView.swift */,
				D1A1D8442C5B179E00ED1998 /* PasswordView.swift */,
			);
			path = View;
			sourceTree = "<group>";
		};
		D9E6F4112C61212C007FD2F0 /* DB */ = {
			isa = PBXGroup;
			children = (
				D9E6F4492C614469007FD2F0 /* RadioUser+CoreDataClass.swift */,
				D9E6F44A2C614469007FD2F0 /* RadioUser+CoreDataProperties.swift */,
				D9E6F44B2C614469007FD2F0 /* FavoriteStation+CoreDataClass.swift */,
				D9E6F44C2C614469007FD2F0 /* FavoriteStation+CoreDataProperties.swift */,
				D9E6F4152C612162007FD2F0 /* Radio.xcdatamodeld */,
			);
			path = DB;
			sourceTree = "<group>";
		};
		D9E6F4122C612149007FD2F0 /* Frameworks */ = {
			isa = PBXGroup;
			children = (
				D9E6F4132C612149007FD2F0 /* CoreData.framework */,
			);
			name = Frameworks;
			sourceTree = "<group>";
		};
		F4DE1C2F2C5A781300D55FC5 /* Network Layer */ = {
			isa = PBXGroup;
			children = (
				F4DE1C322C5A7D1500D55FC5 /* API.swift */,
				F4DE1C302C5A7B7800D55FC5 /* Request Models.swift */,
				F4DE1C342C5A84AE00D55FC5 /* Endpoints.swift */,
				F48255482C5D549600488872 /* Network_Manager.swift */,
				F48255462C5D4EE400488872 /* Radio_API_Manager.swift */,
			);
			path = "Network Layer";
			sourceTree = "<group>";
		};
/* End PBXGroup section */

/* Begin PBXNativeTarget section */
		D9E6F3612C56F362007FD2F0 /* radio-app-ios */ = {
			isa = PBXNativeTarget;
			buildConfigurationList = D9E6F3762C56F364007FD2F0 /* Build configuration list for PBXNativeTarget "radio-app-ios" */;
			buildPhases = (
				D9E6F35E2C56F362007FD2F0 /* Sources */,
				D9E6F35F2C56F362007FD2F0 /* Frameworks */,
				D9E6F3602C56F362007FD2F0 /* Resources */,
			);
			buildRules = (
			);
			dependencies = (
			);
			name = "radio-app-ios";
			packageProductDependencies = (
				D9E6F3B12C5BE470007FD2F0 /* FirebaseAuth */,
				D9E6F3B32C5BE470007FD2F0 /* FirebaseFirestore */,
				D9E6F3C72C5BFF8F007FD2F0 /* FirebaseAppCheck */,
				D9E6F3DD2C5E9290007FD2F0 /* GoogleSignIn */,
				D9E6F3DF2C5E9290007FD2F0 /* GoogleSignInSwift */,
			);
			productName = "radio-app-ios";
			productReference = D9E6F3622C56F362007FD2F0 /* radio-app-ios.app */;
			productType = "com.apple.product-type.application";
		};
/* End PBXNativeTarget section */

/* Begin PBXProject section */
		D9E6F35A2C56F362007FD2F0 /* Project object */ = {
			isa = PBXProject;
			attributes = {
				BuildIndependentTargetsInParallel = 1;
				LastSwiftUpdateCheck = 1540;
				LastUpgradeCheck = 1540;
				TargetAttributes = {
					D9E6F3612C56F362007FD2F0 = {
						CreatedOnToolsVersion = 15.4;
					};
				};
			};
			buildConfigurationList = D9E6F35D2C56F362007FD2F0 /* Build configuration list for PBXProject "radio-app-ios" */;
			compatibilityVersion = "Xcode 14.0";
			developmentRegion = en;
			hasScannedForEncodings = 0;
			knownRegions = (
				en,
				Base,
				ru,
			);
			mainGroup = D9E6F3592C56F362007FD2F0;
			packageReferences = (
				D9E6F3B02C5BE470007FD2F0 /* XCRemoteSwiftPackageReference "firebase-ios-sdk" */,
				D9E6F3DC2C5E9290007FD2F0 /* XCRemoteSwiftPackageReference "GoogleSignIn-iOS" */,
			);
			productRefGroup = D9E6F3632C56F362007FD2F0 /* Products */;
			projectDirPath = "";
			projectRoot = "";
			targets = (
				D9E6F3612C56F362007FD2F0 /* radio-app-ios */,
			);
		};
/* End PBXProject section */

/* Begin PBXResourcesBuildPhase section */
		D9E6F3602C56F362007FD2F0 /* Resources */ = {
			isa = PBXResourcesBuildPhase;
			buildActionMask = 2147483647;
			files = (
				D9E6F36F2C56F364007FD2F0 /* Assets.xcassets in Resources */,
				F4DE1C262C590FEB00D55FC5 /* Inter-Bold.ttf in Resources */,
				D9E6F3822C56F617007FD2F0 /* Localizable.strings in Resources */,
				D9E6F3722C56F364007FD2F0 /* Base in Resources */,
				F4DE1C282C59123E00D55FC5 /* SF-Pro-Display-Light.otf in Resources */,
				F4DE1C122C57C76000D55FC5 /* SF-Pro-Display-Medium.otf in Resources */,
				D9E6F3EA2C5FDB80007FD2F0 /* GoogleService-Info.plist in Resources */,
			);
			runOnlyForDeploymentPostprocessing = 0;
		};
/* End PBXResourcesBuildPhase section */

/* Begin PBXSourcesBuildPhase section */
		D9E6F35E2C56F362007FD2F0 /* Sources */ = {
			isa = PBXSourcesBuildPhase;
			buildActionMask = 2147483647;
			files = (
				F4DE1C242C590A9300D55FC5 /* UITextField_Extension.swift in Sources */,
				F48255492C5D549600488872 /* Network_Manager.swift in Sources */,
				D9E6F3992C5930A8007FD2F0 /* Models.swift in Sources */,
				243E436A2C5BE51F001D958D /* VerticalTabBar.swift in Sources */,
				D9E6F3E22C5FB6A1007FD2F0 /* ResetPasswordRequest.swift in Sources */,
				D9E6F3A32C5930E2007FD2F0 /* Detail.swift in Sources */,
				D9E6F3972C59307F007FD2F0 /* Components.swift in Sources */,
				D9E6F3D52C5E7D8E007FD2F0 /* FormField.swift in Sources */,
				243E43692C5BE51F001D958D /* CustomTabBarButton.swift in Sources */,
				D9E6F3DB2C5E8B6A007FD2F0 /* AlertManager.swift in Sources */,
				D9E6F3C42C5BE6E3007FD2F0 /* User.swift in Sources */,
				F4DE1C312C5A7B7800D55FC5 /* Request Models.swift in Sources */,
				F4DE1C332C5A7D1500D55FC5 /* API.swift in Sources */,
				F4DE1C1A2C57E81B00D55FC5 /* UIButton_Extension.swift in Sources */,
				D13ADE142C59E64B002B94AE /* AuthController.swift in Sources */,
				D9E6F36A2C56F362007FD2F0 /* PopularController.swift in Sources */,
				D9E6F3952C593066007FD2F0 /* Helpers.swift in Sources */,
				D9E6F3662C56F362007FD2F0 /* AppDelegate.swift in Sources */,
				D9E6F3BB2C5BE4E0007FD2F0 /* AuthManager.swift in Sources */,
				A76E5E2A2C5820E4004A06B3 /* WelcomeController.swift in Sources */,
				D9E6F38D2C56F845007FD2F0 /* PopularView.swift in Sources */,
				D9E6F3BE2C5BE57E007FD2F0 /* RegisterUserRequest.swift in Sources */,
				A76E5E282C5820CD004A06B3 /* WelcomeView.swift in Sources */,
				D9E6F3C02C5BE61C007FD2F0 /* LoginUserRequest.swift in Sources */,
				D9E6F3B92C5BE4C6007FD2F0 /* FirestoreManager.swift in Sources */,
				F4DE1C2A2C59173500D55FC5 /* Constants.swift in Sources */,
				D9E6F43C2C612423007FD2F0 /* CoreDataManager.swift in Sources */,
				D9E6F3D12C5E53F8007FD2F0 /* ResetPasswordPresenter.swift in Sources */,
				243E436D2C5BE51F001D958D /* VerticalTabBarPresenter.swift in Sources */,
				D9E6F3C22C5BE6BD007FD2F0 /* UserManager.swift in Sources */,
				D9E6F4172C612162007FD2F0 /* Radio.xcdatamodeld in Sources */,
				D9E6F3D92C5E8AC9007FD2F0 /* AuthAlertManager.swift in Sources */,
				F4DE1C1C2C57EDA400D55FC5 /* UI_Components.swift in Sources */,
				D9E6F3A12C5930D5007FD2F0 /* Fav.swift in Sources */,
				24008BD32C5C05CB001DF2CF /* AudioPleer.swift in Sources */,
				F4DE1C352C5A84AE00D55FC5 /* Endpoints.swift in Sources */,
				D9E6F3A92C59310D007FD2F0 /* Lang.swift in Sources */,
				D1A1D8472C5B17B400ED1998 /* PasswordController.swift in Sources */,
				D1A1D8452C5B179E00ED1998 /* PasswordView.swift in Sources */,
				D9E6F44D2C614469007FD2F0 /* RadioUser+CoreDataClass.swift in Sources */,
				D9E6F44E2C614469007FD2F0 /* RadioUser+CoreDataProperties.swift in Sources */,
				D9E6F44F2C614469007FD2F0 /* FavoriteStation+CoreDataClass.swift in Sources */,
				D9E6F4502C614469007FD2F0 /* FavoriteStation+CoreDataProperties.swift in Sources */,
				D9E6F3E42C5FB6C0007FD2F0 /* UpdatePasswordRequest.swift in Sources */,
				D13ADE122C59E43D002B94AE /* AuthView.swift in Sources */,
				D9E6F38D2C56F845007FD2F0 /* PopularView.swift in Sources */,
				D9E6F39D2C5930C1007FD2F0 /* Search.swift in Sources */,
				D9E6F3CE2C5E4A12007FD2F0 /* AuthRouter.swift in Sources */,
				D9E6F3AD2C593120007FD2F0 /* About.swift in Sources */,
				D9E6F3CA2C5E49FC007FD2F0 /* AuthBuilder.swift in Sources */,
				D9E6F3E62C5FCB11007FD2F0 /* UIResponder_Extension.swift in Sources */,
				D1A1D8412C5AE0E600ED1998 /* UIImageView_Extension.swift in Sources */,
				D9E6F39F2C5930CB007FD2F0 /* All.swift in Sources */,
				243E436B2C5BE51F001D958D /* VerticalTabBarBuilder.swift in Sources */,
				D9E6F3CC2C5E4A06007FD2F0 /* AuthPresenter.swift in Sources */,
				D9E6F3AB2C593117007FD2F0 /* Profile.swift in Sources */,
				F48255472C5D4EE400488872 /* Radio_API_Manager.swift in Sources */,
				F4DE1BF92C57AC2900D55FC5 /* UILabel_Extension.swift in Sources */,
				D9E6F3682C56F362007FD2F0 /* SceneDelegate.swift in Sources */,
				D9E6F3D72C5E88AF007FD2F0 /* ValidationManager.swift in Sources */,
				243E436C2C5BE51F001D958D /* VerticalTabBarController.swift in Sources */,
				D9E6F3AF2C59312E007FD2F0 /* Policy.swift in Sources */,
				D9E6F4542C6281F5007FD2F0 /* RoundedTriangleImageView.swift in Sources */,
				D1A1D8432C5B02CC00ED1998 /* UIView_Extension.swift in Sources */,
			);
			runOnlyForDeploymentPostprocessing = 0;
		};
/* End PBXSourcesBuildPhase section */

/* Begin PBXVariantGroup section */
		D9E6F3702C56F364007FD2F0 /* LaunchScreen.storyboard */ = {
			isa = PBXVariantGroup;
			children = (
				D9E6F3712C56F364007FD2F0 /* Base */,
			);
			name = LaunchScreen.storyboard;
			sourceTree = "<group>";
		};
		D9E6F3802C56F617007FD2F0 /* Localizable.strings */ = {
			isa = PBXVariantGroup;
			children = (
				D9E6F3812C56F617007FD2F0 /* en */,
				D9E6F3832C56F65A007FD2F0 /* ru */,
			);
			name = Localizable.strings;
			sourceTree = "<group>";
		};
/* End PBXVariantGroup section */

/* Begin XCBuildConfiguration section */
		D9E6F3742C56F364007FD2F0 /* Debug */ = {
			isa = XCBuildConfiguration;
			buildSettings = {
				ALWAYS_SEARCH_USER_PATHS = NO;
				ASSETCATALOG_COMPILER_GENERATE_SWIFT_ASSET_SYMBOL_EXTENSIONS = YES;
				CLANG_ANALYZER_LOCALIZABILITY_NONLOCALIZED = YES;
				CLANG_ANALYZER_NONNULL = YES;
				CLANG_ANALYZER_NUMBER_OBJECT_CONVERSION = YES_AGGRESSIVE;
				CLANG_CXX_LANGUAGE_STANDARD = "gnu++20";
				CLANG_ENABLE_MODULES = YES;
				CLANG_ENABLE_OBJC_ARC = YES;
				CLANG_ENABLE_OBJC_WEAK = YES;
				CLANG_WARN_BLOCK_CAPTURE_AUTORELEASING = YES;
				CLANG_WARN_BOOL_CONVERSION = YES;
				CLANG_WARN_COMMA = YES;
				CLANG_WARN_CONSTANT_CONVERSION = YES;
				CLANG_WARN_DEPRECATED_OBJC_IMPLEMENTATIONS = YES;
				CLANG_WARN_DIRECT_OBJC_ISA_USAGE = YES_ERROR;
				CLANG_WARN_DOCUMENTATION_COMMENTS = YES;
				CLANG_WARN_EMPTY_BODY = YES;
				CLANG_WARN_ENUM_CONVERSION = YES;
				CLANG_WARN_INFINITE_RECURSION = YES;
				CLANG_WARN_INT_CONVERSION = YES;
				CLANG_WARN_NON_LITERAL_NULL_CONVERSION = YES;
				CLANG_WARN_OBJC_IMPLICIT_RETAIN_SELF = YES;
				CLANG_WARN_OBJC_LITERAL_CONVERSION = YES;
				CLANG_WARN_OBJC_ROOT_CLASS = YES_ERROR;
				CLANG_WARN_QUOTED_INCLUDE_IN_FRAMEWORK_HEADER = YES;
				CLANG_WARN_RANGE_LOOP_ANALYSIS = YES;
				CLANG_WARN_STRICT_PROTOTYPES = YES;
				CLANG_WARN_SUSPICIOUS_MOVE = YES;
				CLANG_WARN_UNGUARDED_AVAILABILITY = YES_AGGRESSIVE;
				CLANG_WARN_UNREACHABLE_CODE = YES;
				CLANG_WARN__DUPLICATE_METHOD_MATCH = YES;
				COPY_PHASE_STRIP = NO;
				DEBUG_INFORMATION_FORMAT = dwarf;
				ENABLE_STRICT_OBJC_MSGSEND = YES;
				ENABLE_TESTABILITY = YES;
				ENABLE_USER_SCRIPT_SANDBOXING = YES;
				GCC_C_LANGUAGE_STANDARD = gnu17;
				GCC_DYNAMIC_NO_PIC = NO;
				GCC_NO_COMMON_BLOCKS = YES;
				GCC_OPTIMIZATION_LEVEL = 0;
				GCC_PREPROCESSOR_DEFINITIONS = (
					"DEBUG=1",
					"$(inherited)",
				);
				GCC_WARN_64_TO_32_BIT_CONVERSION = YES;
				GCC_WARN_ABOUT_RETURN_TYPE = YES_ERROR;
				GCC_WARN_UNDECLARED_SELECTOR = YES;
				GCC_WARN_UNINITIALIZED_AUTOS = YES_AGGRESSIVE;
				GCC_WARN_UNUSED_FUNCTION = YES;
				GCC_WARN_UNUSED_VARIABLE = YES;
				IPHONEOS_DEPLOYMENT_TARGET = 17.5;
				LOCALIZATION_PREFERS_STRING_CATALOGS = YES;
				MTL_ENABLE_DEBUG_INFO = INCLUDE_SOURCE;
				MTL_FAST_MATH = YES;
				ONLY_ACTIVE_ARCH = YES;
				SDKROOT = iphoneos;
				SWIFT_ACTIVE_COMPILATION_CONDITIONS = "DEBUG $(inherited)";
				SWIFT_OPTIMIZATION_LEVEL = "-Onone";
			};
			name = Debug;
		};
		D9E6F3752C56F364007FD2F0 /* Release */ = {
			isa = XCBuildConfiguration;
			buildSettings = {
				ALWAYS_SEARCH_USER_PATHS = NO;
				ASSETCATALOG_COMPILER_GENERATE_SWIFT_ASSET_SYMBOL_EXTENSIONS = YES;
				CLANG_ANALYZER_LOCALIZABILITY_NONLOCALIZED = YES;
				CLANG_ANALYZER_NONNULL = YES;
				CLANG_ANALYZER_NUMBER_OBJECT_CONVERSION = YES_AGGRESSIVE;
				CLANG_CXX_LANGUAGE_STANDARD = "gnu++20";
				CLANG_ENABLE_MODULES = YES;
				CLANG_ENABLE_OBJC_ARC = YES;
				CLANG_ENABLE_OBJC_WEAK = YES;
				CLANG_WARN_BLOCK_CAPTURE_AUTORELEASING = YES;
				CLANG_WARN_BOOL_CONVERSION = YES;
				CLANG_WARN_COMMA = YES;
				CLANG_WARN_CONSTANT_CONVERSION = YES;
				CLANG_WARN_DEPRECATED_OBJC_IMPLEMENTATIONS = YES;
				CLANG_WARN_DIRECT_OBJC_ISA_USAGE = YES_ERROR;
				CLANG_WARN_DOCUMENTATION_COMMENTS = YES;
				CLANG_WARN_EMPTY_BODY = YES;
				CLANG_WARN_ENUM_CONVERSION = YES;
				CLANG_WARN_INFINITE_RECURSION = YES;
				CLANG_WARN_INT_CONVERSION = YES;
				CLANG_WARN_NON_LITERAL_NULL_CONVERSION = YES;
				CLANG_WARN_OBJC_IMPLICIT_RETAIN_SELF = YES;
				CLANG_WARN_OBJC_LITERAL_CONVERSION = YES;
				CLANG_WARN_OBJC_ROOT_CLASS = YES_ERROR;
				CLANG_WARN_QUOTED_INCLUDE_IN_FRAMEWORK_HEADER = YES;
				CLANG_WARN_RANGE_LOOP_ANALYSIS = YES;
				CLANG_WARN_STRICT_PROTOTYPES = YES;
				CLANG_WARN_SUSPICIOUS_MOVE = YES;
				CLANG_WARN_UNGUARDED_AVAILABILITY = YES_AGGRESSIVE;
				CLANG_WARN_UNREACHABLE_CODE = YES;
				CLANG_WARN__DUPLICATE_METHOD_MATCH = YES;
				COPY_PHASE_STRIP = NO;
				DEBUG_INFORMATION_FORMAT = "dwarf-with-dsym";
				ENABLE_NS_ASSERTIONS = NO;
				ENABLE_STRICT_OBJC_MSGSEND = YES;
				ENABLE_USER_SCRIPT_SANDBOXING = YES;
				GCC_C_LANGUAGE_STANDARD = gnu17;
				GCC_NO_COMMON_BLOCKS = YES;
				GCC_WARN_64_TO_32_BIT_CONVERSION = YES;
				GCC_WARN_ABOUT_RETURN_TYPE = YES_ERROR;
				GCC_WARN_UNDECLARED_SELECTOR = YES;
				GCC_WARN_UNINITIALIZED_AUTOS = YES_AGGRESSIVE;
				GCC_WARN_UNUSED_FUNCTION = YES;
				GCC_WARN_UNUSED_VARIABLE = YES;
				IPHONEOS_DEPLOYMENT_TARGET = 17.5;
				LOCALIZATION_PREFERS_STRING_CATALOGS = YES;
				MTL_ENABLE_DEBUG_INFO = NO;
				MTL_FAST_MATH = YES;
				SDKROOT = iphoneos;
				SWIFT_COMPILATION_MODE = wholemodule;
				VALIDATE_PRODUCT = YES;
			};
			name = Release;
		};
		D9E6F3772C56F364007FD2F0 /* Debug */ = {
			isa = XCBuildConfiguration;
			buildSettings = {
				ASSETCATALOG_COMPILER_APPICON_NAME = AppIcon;
				ASSETCATALOG_COMPILER_GLOBAL_ACCENT_COLOR_NAME = AccentColor;
				CODE_SIGN_STYLE = Automatic;
				CURRENT_PROJECT_VERSION = 1;
				DEVELOPMENT_TEAM = 87P7GYW9VY;
				GENERATE_INFOPLIST_FILE = YES;
				INFOPLIST_FILE = "radio-app-ios/Info.plist";
				INFOPLIST_KEY_CFBundleDisplayName = "Radio App";
				INFOPLIST_KEY_LSApplicationCategoryType = "public.app-category.entertainment";
				INFOPLIST_KEY_UIApplicationSupportsIndirectInputEvents = YES;
				INFOPLIST_KEY_UILaunchStoryboardName = LaunchScreen;
				INFOPLIST_KEY_UIMainStoryboardFile = "";
				INFOPLIST_KEY_UISupportedInterfaceOrientations = UIInterfaceOrientationPortrait;
				IPHONEOS_DEPLOYMENT_TARGET = 15.0;
				LD_RUNPATH_SEARCH_PATHS = (
					"$(inherited)",
					"@executable_path/Frameworks",
				);
				MARKETING_VERSION = 1.0;
				PRODUCT_BUNDLE_IDENTIFIER = "com.anyteam.radio-app-ios";
				PRODUCT_NAME = "$(TARGET_NAME)";
				SUPPORTED_PLATFORMS = "iphoneos iphonesimulator";
				SUPPORTS_MACCATALYST = NO;
				SUPPORTS_MAC_DESIGNED_FOR_IPHONE_IPAD = NO;
				SUPPORTS_XR_DESIGNED_FOR_IPHONE_IPAD = NO;
				SWIFT_EMIT_LOC_STRINGS = YES;
				SWIFT_VERSION = 5.0;
				TARGETED_DEVICE_FAMILY = 1;
			};
			name = Debug;
		};
		D9E6F3782C56F364007FD2F0 /* Release */ = {
			isa = XCBuildConfiguration;
			buildSettings = {
				ASSETCATALOG_COMPILER_APPICON_NAME = AppIcon;
				ASSETCATALOG_COMPILER_GLOBAL_ACCENT_COLOR_NAME = AccentColor;
				CODE_SIGN_STYLE = Automatic;
				CURRENT_PROJECT_VERSION = 1;
				DEVELOPMENT_TEAM = 87P7GYW9VY;
				GENERATE_INFOPLIST_FILE = YES;
				INFOPLIST_FILE = "radio-app-ios/Info.plist";
				INFOPLIST_KEY_CFBundleDisplayName = "Radio App";
				INFOPLIST_KEY_LSApplicationCategoryType = "public.app-category.entertainment";
				INFOPLIST_KEY_UIApplicationSupportsIndirectInputEvents = YES;
				INFOPLIST_KEY_UILaunchStoryboardName = LaunchScreen;
				INFOPLIST_KEY_UIMainStoryboardFile = "";
				INFOPLIST_KEY_UISupportedInterfaceOrientations = UIInterfaceOrientationPortrait;
				IPHONEOS_DEPLOYMENT_TARGET = 15.0;
				LD_RUNPATH_SEARCH_PATHS = (
					"$(inherited)",
					"@executable_path/Frameworks",
				);
				MARKETING_VERSION = 1.0;
				PRODUCT_BUNDLE_IDENTIFIER = "com.anyteam.radio-app-ios";
				PRODUCT_NAME = "$(TARGET_NAME)";
				SUPPORTED_PLATFORMS = "iphoneos iphonesimulator";
				SUPPORTS_MACCATALYST = NO;
				SUPPORTS_MAC_DESIGNED_FOR_IPHONE_IPAD = NO;
				SUPPORTS_XR_DESIGNED_FOR_IPHONE_IPAD = NO;
				SWIFT_EMIT_LOC_STRINGS = YES;
				SWIFT_VERSION = 5.0;
				TARGETED_DEVICE_FAMILY = 1;
			};
			name = Release;
		};
/* End XCBuildConfiguration section */

/* Begin XCConfigurationList section */
		D9E6F35D2C56F362007FD2F0 /* Build configuration list for PBXProject "radio-app-ios" */ = {
			isa = XCConfigurationList;
			buildConfigurations = (
				D9E6F3742C56F364007FD2F0 /* Debug */,
				D9E6F3752C56F364007FD2F0 /* Release */,
			);
			defaultConfigurationIsVisible = 0;
			defaultConfigurationName = Release;
		};
		D9E6F3762C56F364007FD2F0 /* Build configuration list for PBXNativeTarget "radio-app-ios" */ = {
			isa = XCConfigurationList;
			buildConfigurations = (
				D9E6F3772C56F364007FD2F0 /* Debug */,
				D9E6F3782C56F364007FD2F0 /* Release */,
			);
			defaultConfigurationIsVisible = 0;
			defaultConfigurationName = Release;
		};
/* End XCConfigurationList section */

/* Begin XCRemoteSwiftPackageReference section */
		D9E6F3B02C5BE470007FD2F0 /* XCRemoteSwiftPackageReference "firebase-ios-sdk" */ = {
			isa = XCRemoteSwiftPackageReference;
			repositoryURL = "https://github.com/firebase/firebase-ios-sdk";
			requirement = {
				kind = upToNextMajorVersion;
				minimumVersion = 11.0.0;
			};
		};
		D9E6F3DC2C5E9290007FD2F0 /* XCRemoteSwiftPackageReference "GoogleSignIn-iOS" */ = {
			isa = XCRemoteSwiftPackageReference;
			repositoryURL = "https://github.com/google/GoogleSignIn-iOS";
			requirement = {
				kind = upToNextMajorVersion;
				minimumVersion = 7.1.0;
			};
		};
/* End XCRemoteSwiftPackageReference section */

/* Begin XCSwiftPackageProductDependency section */
		D9E6F3B12C5BE470007FD2F0 /* FirebaseAuth */ = {
			isa = XCSwiftPackageProductDependency;
			package = D9E6F3B02C5BE470007FD2F0 /* XCRemoteSwiftPackageReference "firebase-ios-sdk" */;
			productName = FirebaseAuth;
		};
		D9E6F3B32C5BE470007FD2F0 /* FirebaseFirestore */ = {
			isa = XCSwiftPackageProductDependency;
			package = D9E6F3B02C5BE470007FD2F0 /* XCRemoteSwiftPackageReference "firebase-ios-sdk" */;
			productName = FirebaseFirestore;
		};
		D9E6F3C72C5BFF8F007FD2F0 /* FirebaseAppCheck */ = {
			isa = XCSwiftPackageProductDependency;
			package = D9E6F3B02C5BE470007FD2F0 /* XCRemoteSwiftPackageReference "firebase-ios-sdk" */;
			productName = FirebaseAppCheck;
		};
		D9E6F3DD2C5E9290007FD2F0 /* GoogleSignIn */ = {
			isa = XCSwiftPackageProductDependency;
			package = D9E6F3DC2C5E9290007FD2F0 /* XCRemoteSwiftPackageReference "GoogleSignIn-iOS" */;
			productName = GoogleSignIn;
		};
		D9E6F3DF2C5E9290007FD2F0 /* GoogleSignInSwift */ = {
			isa = XCSwiftPackageProductDependency;
			package = D9E6F3DC2C5E9290007FD2F0 /* XCRemoteSwiftPackageReference "GoogleSignIn-iOS" */;
			productName = GoogleSignInSwift;
		};
/* End XCSwiftPackageProductDependency section */

/* Begin XCVersionGroup section */
		D9E6F4152C612162007FD2F0 /* Radio.xcdatamodeld */ = {
			isa = XCVersionGroup;
			children = (
				D9E6F4162C612162007FD2F0 /* Radio.xcdatamodel */,
			);
			currentVersion = D9E6F4162C612162007FD2F0 /* Radio.xcdatamodel */;
			name = Radio.xcdatamodeld;
			path = "/Users/m_stogniy/Develop/Projects/radio-app-ios/radio-app-ios/Models/DB/Radio.xcdatamodeld";
			sourceTree = "<group>";
			versionGroupType = wrapper.xcdatamodel;
		};
/* End XCVersionGroup section */
	};
	rootObject = D9E6F35A2C56F362007FD2F0 /* Project object */;
}
