// !$*UTF8*$!
{
	archiveVersion = 1;
	classes = {
	};
	objectVersion = 56;
	objects = {

/* Begin PBXBuildFile section */
		D9E6F3662C56F362007FD2F0 /* AppDelegate.swift in Sources */ = {isa = PBXBuildFile; fileRef = D9E6F3652C56F362007FD2F0 /* AppDelegate.swift */; };
		D9E6F3682C56F362007FD2F0 /* SceneDelegate.swift in Sources */ = {isa = PBXBuildFile; fileRef = D9E6F3672C56F362007FD2F0 /* SceneDelegate.swift */; };
		D9E6F36A2C56F362007FD2F0 /* PopularController.swift in Sources */ = {isa = PBXBuildFile; fileRef = D9E6F3692C56F362007FD2F0 /* PopularController.swift */; };
		D9E6F36F2C56F364007FD2F0 /* Assets.xcassets in Resources */ = {isa = PBXBuildFile; fileRef = D9E6F36E2C56F364007FD2F0 /* Assets.xcassets */; };
		D9E6F3722C56F364007FD2F0 /* Base in Resources */ = {isa = PBXBuildFile; fileRef = D9E6F3712C56F364007FD2F0 /* Base */; };
		D9E6F3822C56F617007FD2F0 /* Localizable.strings in Resources */ = {isa = PBXBuildFile; fileRef = D9E6F3802C56F617007FD2F0 /* Localizable.strings */; };
		D9E6F38D2C56F845007FD2F0 /* PopularView.swift in Sources */ = {isa = PBXBuildFile; fileRef = D9E6F38C2C56F845007FD2F0 /* PopularView.swift */; };
		F4DE1BF92C57AC2900D55FC5 /* UILabel_Extension.swift in Sources */ = {isa = PBXBuildFile; fileRef = F4DE1BF82C57AC2900D55FC5 /* UILabel_Extension.swift */; };
		F4DE1C032C57B91300D55FC5 /* UIFont_Extension.swift in Sources */ = {isa = PBXBuildFile; fileRef = F4DE1C022C57B91300D55FC5 /* UIFont_Extension.swift */; };
		F4DE1C122C57C76000D55FC5 /* SF-Pro-Display-Medium.otf in Resources */ = {isa = PBXBuildFile; fileRef = F4DE1C0F2C57C76000D55FC5 /* SF-Pro-Display-Medium.otf */; };
		F4DE1C132C57C76000D55FC5 /* SF-Pro-Display-Regular.otf in Resources */ = {isa = PBXBuildFile; fileRef = F4DE1C102C57C76000D55FC5 /* SF-Pro-Display-Regular.otf */; };
		F4DE1C142C57C76000D55FC5 /* SF-Pro-Display-Bold.otf in Resources */ = {isa = PBXBuildFile; fileRef = F4DE1C112C57C76000D55FC5 /* SF-Pro-Display-Bold.otf */; };
		F4DE1C162C57CAE500D55FC5 /* SF-Pro-Display-Light.otf in Resources */ = {isa = PBXBuildFile; fileRef = F4DE1C152C57CAE500D55FC5 /* SF-Pro-Display-Light.otf */; };
		F4DE1C182C57CE8300D55FC5 /* UIColor_Extension.swift in Sources */ = {isa = PBXBuildFile; fileRef = F4DE1C172C57CE8300D55FC5 /* UIColor_Extension.swift */; };
		F4DE1C1A2C57E81B00D55FC5 /* UIButton_Extension.swift in Sources */ = {isa = PBXBuildFile; fileRef = F4DE1C192C57E81B00D55FC5 /* UIButton_Extension.swift */; };
/* End PBXBuildFile section */

/* Begin PBXFileReference section */
		D9E6F3622C56F362007FD2F0 /* radio-app-ios.app */ = {isa = PBXFileReference; explicitFileType = wrapper.application; includeInIndex = 0; path = "radio-app-ios.app"; sourceTree = BUILT_PRODUCTS_DIR; };
		D9E6F3652C56F362007FD2F0 /* AppDelegate.swift */ = {isa = PBXFileReference; lastKnownFileType = sourcecode.swift; path = AppDelegate.swift; sourceTree = "<group>"; };
		D9E6F3672C56F362007FD2F0 /* SceneDelegate.swift */ = {isa = PBXFileReference; lastKnownFileType = sourcecode.swift; path = SceneDelegate.swift; sourceTree = "<group>"; };
		D9E6F3692C56F362007FD2F0 /* PopularController.swift */ = {isa = PBXFileReference; lastKnownFileType = sourcecode.swift; path = PopularController.swift; sourceTree = "<group>"; };
		D9E6F36E2C56F364007FD2F0 /* Assets.xcassets */ = {isa = PBXFileReference; lastKnownFileType = folder.assetcatalog; path = Assets.xcassets; sourceTree = "<group>"; };
		D9E6F3712C56F364007FD2F0 /* Base */ = {isa = PBXFileReference; lastKnownFileType = file.storyboard; name = Base; path = Base.lproj/LaunchScreen.storyboard; sourceTree = "<group>"; };
		D9E6F3732C56F364007FD2F0 /* Info.plist */ = {isa = PBXFileReference; lastKnownFileType = text.plist.xml; path = Info.plist; sourceTree = "<group>"; };
		D9E6F3812C56F617007FD2F0 /* en */ = {isa = PBXFileReference; lastKnownFileType = text.plist.strings; name = en; path = en.lproj/Localizable.strings; sourceTree = "<group>"; };
		D9E6F3832C56F65A007FD2F0 /* ru */ = {isa = PBXFileReference; lastKnownFileType = text.plist.strings; name = ru; path = ru.lproj/Localizable.strings; sourceTree = "<group>"; };
		D9E6F38C2C56F845007FD2F0 /* PopularView.swift */ = {isa = PBXFileReference; lastKnownFileType = sourcecode.swift; path = PopularView.swift; sourceTree = "<group>"; };
		F4DE1BF82C57AC2900D55FC5 /* UILabel_Extension.swift */ = {isa = PBXFileReference; fileEncoding = 4; lastKnownFileType = sourcecode.swift; path = UILabel_Extension.swift; sourceTree = "<group>"; };
		F4DE1C022C57B91300D55FC5 /* UIFont_Extension.swift */ = {isa = PBXFileReference; lastKnownFileType = sourcecode.swift; name = UIFont_Extension.swift; path = ../../../UIFont_Extension.swift; sourceTree = "<group>"; };
		F4DE1C0F2C57C76000D55FC5 /* SF-Pro-Display-Medium.otf */ = {isa = PBXFileReference; lastKnownFileType = file; path = "SF-Pro-Display-Medium.otf"; sourceTree = "<group>"; };
		F4DE1C102C57C76000D55FC5 /* SF-Pro-Display-Regular.otf */ = {isa = PBXFileReference; lastKnownFileType = file; path = "SF-Pro-Display-Regular.otf"; sourceTree = "<group>"; };
		F4DE1C112C57C76000D55FC5 /* SF-Pro-Display-Bold.otf */ = {isa = PBXFileReference; lastKnownFileType = file; path = "SF-Pro-Display-Bold.otf"; sourceTree = "<group>"; };
		F4DE1C152C57CAE500D55FC5 /* SF-Pro-Display-Light.otf */ = {isa = PBXFileReference; lastKnownFileType = file; path = "SF-Pro-Display-Light.otf"; sourceTree = "<group>"; };
		F4DE1C172C57CE8300D55FC5 /* UIColor_Extension.swift */ = {isa = PBXFileReference; lastKnownFileType = sourcecode.swift; path = UIColor_Extension.swift; sourceTree = "<group>"; };
		F4DE1C192C57E81B00D55FC5 /* UIButton_Extension.swift */ = {isa = PBXFileReference; lastKnownFileType = sourcecode.swift; path = UIButton_Extension.swift; sourceTree = "<group>"; };
/* End PBXFileReference section */

/* Begin PBXFrameworksBuildPhase section */
		D9E6F35F2C56F362007FD2F0 /* Frameworks */ = {
			isa = PBXFrameworksBuildPhase;
			buildActionMask = 2147483647;
			files = (
			);
			runOnlyForDeploymentPostprocessing = 0;
		};
/* End PBXFrameworksBuildPhase section */

/* Begin PBXGroup section */
		D9E6F3592C56F362007FD2F0 = {
			isa = PBXGroup;
			children = (
				D9E6F3642C56F362007FD2F0 /* radio-app-ios */,
				D9E6F3632C56F362007FD2F0 /* Products */,
			);
			sourceTree = "<group>";
		};
		D9E6F3632C56F362007FD2F0 /* Products */ = {
			isa = PBXGroup;
			children = (
				D9E6F3622C56F362007FD2F0 /* radio-app-ios.app */,
			);
			name = Products;
			sourceTree = "<group>";
		};
		D9E6F3642C56F362007FD2F0 /* radio-app-ios */ = {
			isa = PBXGroup;
			children = (
				D9E6F3932C56FD8B007FD2F0 /* Helpers */,
				D9E6F3922C56FD74007FD2F0 /* Components */,
				D9E6F3912C56FD6D007FD2F0 /* Extensions */,
				D9E6F3902C56FD66007FD2F0 /* Models */,
				D9E6F38F2C56FD5D007FD2F0 /* Services */,
				D9E6F37E2C56F56F007FD2F0 /* Resources */,
				D9E6F3792C56F4EB007FD2F0 /* Screens */,
				D9E6F3652C56F362007FD2F0 /* AppDelegate.swift */,
				D9E6F3672C56F362007FD2F0 /* SceneDelegate.swift */,
				D9E6F36E2C56F364007FD2F0 /* Assets.xcassets */,
				D9E6F3702C56F364007FD2F0 /* LaunchScreen.storyboard */,
				D9E6F3732C56F364007FD2F0 /* Info.plist */,
			);
			path = "radio-app-ios";
			sourceTree = "<group>";
		};
		D9E6F3792C56F4EB007FD2F0 /* Screens */ = {
			isa = PBXGroup;
			children = (
				D9E6F3872C56F77D007FD2F0 /* Search */,
				D9E6F3862C56F741007FD2F0 /* All */,
				D9E6F3852C56F733007FD2F0 /* Favorites */,
				D9E6F3842C56F72A007FD2F0 /* Detail */,
				D9E6F37D2C56F51A007FD2F0 /* Settings */,
				D9E6F37C2C56F515007FD2F0 /* Auth */,
				D9E6F37B2C56F50E007FD2F0 /* Welcome */,
				D9E6F37A2C56F4F4007FD2F0 /* Popular */,
			);
			path = Screens;
			sourceTree = "<group>";
		};
		D9E6F37A2C56F4F4007FD2F0 /* Popular */ = {
			isa = PBXGroup;
			children = (
				D9E6F3692C56F362007FD2F0 /* PopularController.swift */,
				D9E6F38C2C56F845007FD2F0 /* PopularView.swift */,
			);
			path = Popular;
			sourceTree = "<group>";
		};
		D9E6F37B2C56F50E007FD2F0 /* Welcome */ = {
			isa = PBXGroup;
			children = (
			);
			path = Welcome;
			sourceTree = "<group>";
		};
		D9E6F37C2C56F515007FD2F0 /* Auth */ = {
			isa = PBXGroup;
			children = (
			);
			path = Auth;
			sourceTree = "<group>";
		};
		D9E6F37D2C56F51A007FD2F0 /* Settings */ = {
			isa = PBXGroup;
			children = (
				D9E6F38B2C56F7DB007FD2F0 /* Languages */,
				D9E6F38A2C56F7CF007FD2F0 /* Profile */,
				D9E6F3892C56F7AD007FD2F0 /* About */,
				D9E6F3882C56F79D007FD2F0 /* Policy */,
			);
			path = Settings;
			sourceTree = "<group>";
		};
		D9E6F37E2C56F56F007FD2F0 /* Resources */ = {
			isa = PBXGroup;
			children = (
				D9E6F38E2C56FD36007FD2F0 /* Fonts */,
				D9E6F3802C56F617007FD2F0 /* Localizable.strings */,
			);
			path = Resources;
			sourceTree = "<group>";
		};
		D9E6F3842C56F72A007FD2F0 /* Detail */ = {
			isa = PBXGroup;
			children = (
			);
			path = Detail;
			sourceTree = "<group>";
		};
		D9E6F3852C56F733007FD2F0 /* Favorites */ = {
			isa = PBXGroup;
			children = (
			);
			path = Favorites;
			sourceTree = "<group>";
		};
		D9E6F3862C56F741007FD2F0 /* All */ = {
			isa = PBXGroup;
			children = (
			);
			path = All;
			sourceTree = "<group>";
		};
		D9E6F3872C56F77D007FD2F0 /* Search */ = {
			isa = PBXGroup;
			children = (
			);
			path = Search;
			sourceTree = "<group>";
		};
		D9E6F3882C56F79D007FD2F0 /* Policy */ = {
			isa = PBXGroup;
			children = (
			);
			path = Policy;
			sourceTree = "<group>";
		};
		D9E6F3892C56F7AD007FD2F0 /* About */ = {
			isa = PBXGroup;
			children = (
			);
			path = About;
			sourceTree = "<group>";
		};
		D9E6F38A2C56F7CF007FD2F0 /* Profile */ = {
			isa = PBXGroup;
			children = (
			);
			path = Profile;
			sourceTree = "<group>";
		};
		D9E6F38B2C56F7DB007FD2F0 /* Languages */ = {
			isa = PBXGroup;
			children = (
			);
			path = Languages;
			sourceTree = "<group>";
		};
		D9E6F38E2C56FD36007FD2F0 /* Fonts */ = {
			isa = PBXGroup;
			children = (
				F4DE1C112C57C76000D55FC5 /* SF-Pro-Display-Bold.otf */,
				F4DE1C0F2C57C76000D55FC5 /* SF-Pro-Display-Medium.otf */,
				F4DE1C102C57C76000D55FC5 /* SF-Pro-Display-Regular.otf */,
				F4DE1C152C57CAE500D55FC5 /* SF-Pro-Display-Light.otf */,
			);
			path = Fonts;
			sourceTree = "<group>";
		};
		D9E6F38F2C56FD5D007FD2F0 /* Services */ = {
			isa = PBXGroup;
			children = (
			);
			path = Services;
			sourceTree = "<group>";
		};
		D9E6F3902C56FD66007FD2F0 /* Models */ = {
			isa = PBXGroup;
			children = (
			);
			path = Models;
			sourceTree = "<group>";
		};
		D9E6F3912C56FD6D007FD2F0 /* Extensions */ = {
			isa = PBXGroup;
			children = (
				F4DE1BF82C57AC2900D55FC5 /* UILabel_Extension.swift */,
				F4DE1C022C57B91300D55FC5 /* UIFont_Extension.swift */,
				F4DE1C172C57CE8300D55FC5 /* UIColor_Extension.swift */,
				F4DE1C192C57E81B00D55FC5 /* UIButton_Extension.swift */,
			);
			path = Extensions;
			sourceTree = "<group>";
		};
		D9E6F3922C56FD74007FD2F0 /* Components */ = {
			isa = PBXGroup;
			children = (
			);
			path = Components;
			sourceTree = "<group>";
		};
		D9E6F3932C56FD8B007FD2F0 /* Helpers */ = {
			isa = PBXGroup;
			children = (
			);
			path = Helpers;
			sourceTree = "<group>";
		};
/* End PBXGroup section */

/* Begin PBXNativeTarget section */
		D9E6F3612C56F362007FD2F0 /* radio-app-ios */ = {
			isa = PBXNativeTarget;
			buildConfigurationList = D9E6F3762C56F364007FD2F0 /* Build configuration list for PBXNativeTarget "radio-app-ios" */;
			buildPhases = (
				D9E6F35E2C56F362007FD2F0 /* Sources */,
				D9E6F35F2C56F362007FD2F0 /* Frameworks */,
				D9E6F3602C56F362007FD2F0 /* Resources */,
			);
			buildRules = (
			);
			dependencies = (
			);
			name = "radio-app-ios";
			productName = "radio-app-ios";
			productReference = D9E6F3622C56F362007FD2F0 /* radio-app-ios.app */;
			productType = "com.apple.product-type.application";
		};
/* End PBXNativeTarget section */

/* Begin PBXProject section */
		D9E6F35A2C56F362007FD2F0 /* Project object */ = {
			isa = PBXProject;
			attributes = {
				BuildIndependentTargetsInParallel = 1;
				LastSwiftUpdateCheck = 1540;
				LastUpgradeCheck = 1540;
				TargetAttributes = {
					D9E6F3612C56F362007FD2F0 = {
						CreatedOnToolsVersion = 15.4;
					};
				};
			};
			buildConfigurationList = D9E6F35D2C56F362007FD2F0 /* Build configuration list for PBXProject "radio-app-ios" */;
			compatibilityVersion = "Xcode 14.0";
			developmentRegion = en;
			hasScannedForEncodings = 0;
			knownRegions = (
				en,
				Base,
				ru,
			);
			mainGroup = D9E6F3592C56F362007FD2F0;
			productRefGroup = D9E6F3632C56F362007FD2F0 /* Products */;
			projectDirPath = "";
			projectRoot = "";
			targets = (
				D9E6F3612C56F362007FD2F0 /* radio-app-ios */,
			);
		};
/* End PBXProject section */

/* Begin PBXResourcesBuildPhase section */
		D9E6F3602C56F362007FD2F0 /* Resources */ = {
			isa = PBXResourcesBuildPhase;
			buildActionMask = 2147483647;
			files = (
				F4DE1C162C57CAE500D55FC5 /* SF-Pro-Display-Light.otf in Resources */,
				D9E6F36F2C56F364007FD2F0 /* Assets.xcassets in Resources */,
				D9E6F3822C56F617007FD2F0 /* Localizable.strings in Resources */,
				D9E6F3722C56F364007FD2F0 /* Base in Resources */,
				F4DE1C142C57C76000D55FC5 /* SF-Pro-Display-Bold.otf in Resources */,
				F4DE1C132C57C76000D55FC5 /* SF-Pro-Display-Regular.otf in Resources */,
				F4DE1C122C57C76000D55FC5 /* SF-Pro-Display-Medium.otf in Resources */,
			);
			runOnlyForDeploymentPostprocessing = 0;
		};
/* End PBXResourcesBuildPhase section */

/* Begin PBXSourcesBuildPhase section */
		D9E6F35E2C56F362007FD2F0 /* Sources */ = {
			isa = PBXSourcesBuildPhase;
			buildActionMask = 2147483647;
			files = (
				F4DE1C032C57B91300D55FC5 /* UIFont_Extension.swift in Sources */,
				F4DE1C1A2C57E81B00D55FC5 /* UIButton_Extension.swift in Sources */,
				D9E6F36A2C56F362007FD2F0 /* PopularController.swift in Sources */,
				D9E6F3662C56F362007FD2F0 /* AppDelegate.swift in Sources */,
				F4DE1C182C57CE8300D55FC5 /* UIColor_Extension.swift in Sources */,
				D9E6F38D2C56F845007FD2F0 /* PopularView.swift in Sources */,
				F4DE1BF92C57AC2900D55FC5 /* UILabel_Extension.swift in Sources */,
				D9E6F3682C56F362007FD2F0 /* SceneDelegate.swift in Sources */,
			);
			runOnlyForDeploymentPostprocessing = 0;
		};
/* End PBXSourcesBuildPhase section */

/* Begin PBXVariantGroup section */
		D9E6F3702C56F364007FD2F0 /* LaunchScreen.storyboard */ = {
			isa = PBXVariantGroup;
			children = (
				D9E6F3712C56F364007FD2F0 /* Base */,
			);
			name = LaunchScreen.storyboard;
			sourceTree = "<group>";
		};
		D9E6F3802C56F617007FD2F0 /* Localizable.strings */ = {
			isa = PBXVariantGroup;
			children = (
				D9E6F3812C56F617007FD2F0 /* en */,
				D9E6F3832C56F65A007FD2F0 /* ru */,
			);
			name = Localizable.strings;
			sourceTree = "<group>";
		};
/* End PBXVariantGroup section */

/* Begin XCBuildConfiguration section */
		D9E6F3742C56F364007FD2F0 /* Debug */ = {
			isa = XCBuildConfiguration;
			buildSettings = {
				ALWAYS_SEARCH_USER_PATHS = NO;
				ASSETCATALOG_COMPILER_GENERATE_SWIFT_ASSET_SYMBOL_EXTENSIONS = YES;
				CLANG_ANALYZER_LOCALIZABILITY_NONLOCALIZED = YES;
				CLANG_ANALYZER_NONNULL = YES;
				CLANG_ANALYZER_NUMBER_OBJECT_CONVERSION = YES_AGGRESSIVE;
				CLANG_CXX_LANGUAGE_STANDARD = "gnu++20";
				CLANG_ENABLE_MODULES = YES;
				CLANG_ENABLE_OBJC_ARC = YES;
				CLANG_ENABLE_OBJC_WEAK = YES;
				CLANG_WARN_BLOCK_CAPTURE_AUTORELEASING = YES;
				CLANG_WARN_BOOL_CONVERSION = YES;
				CLANG_WARN_COMMA = YES;
				CLANG_WARN_CONSTANT_CONVERSION = YES;
				CLANG_WARN_DEPRECATED_OBJC_IMPLEMENTATIONS = YES;
				CLANG_WARN_DIRECT_OBJC_ISA_USAGE = YES_ERROR;
				CLANG_WARN_DOCUMENTATION_COMMENTS = YES;
				CLANG_WARN_EMPTY_BODY = YES;
				CLANG_WARN_ENUM_CONVERSION = YES;
				CLANG_WARN_INFINITE_RECURSION = YES;
				CLANG_WARN_INT_CONVERSION = YES;
				CLANG_WARN_NON_LITERAL_NULL_CONVERSION = YES;
				CLANG_WARN_OBJC_IMPLICIT_RETAIN_SELF = YES;
				CLANG_WARN_OBJC_LITERAL_CONVERSION = YES;
				CLANG_WARN_OBJC_ROOT_CLASS = YES_ERROR;
				CLANG_WARN_QUOTED_INCLUDE_IN_FRAMEWORK_HEADER = YES;
				CLANG_WARN_RANGE_LOOP_ANALYSIS = YES;
				CLANG_WARN_STRICT_PROTOTYPES = YES;
				CLANG_WARN_SUSPICIOUS_MOVE = YES;
				CLANG_WARN_UNGUARDED_AVAILABILITY = YES_AGGRESSIVE;
				CLANG_WARN_UNREACHABLE_CODE = YES;
				CLANG_WARN__DUPLICATE_METHOD_MATCH = YES;
				COPY_PHASE_STRIP = NO;
				DEBUG_INFORMATION_FORMAT = dwarf;
				ENABLE_STRICT_OBJC_MSGSEND = YES;
				ENABLE_TESTABILITY = YES;
				ENABLE_USER_SCRIPT_SANDBOXING = YES;
				GCC_C_LANGUAGE_STANDARD = gnu17;
				GCC_DYNAMIC_NO_PIC = NO;
				GCC_NO_COMMON_BLOCKS = YES;
				GCC_OPTIMIZATION_LEVEL = 0;
				GCC_PREPROCESSOR_DEFINITIONS = (
					"DEBUG=1",
					"$(inherited)",
				);
				GCC_WARN_64_TO_32_BIT_CONVERSION = YES;
				GCC_WARN_ABOUT_RETURN_TYPE = YES_ERROR;
				GCC_WARN_UNDECLARED_SELECTOR = YES;
				GCC_WARN_UNINITIALIZED_AUTOS = YES_AGGRESSIVE;
				GCC_WARN_UNUSED_FUNCTION = YES;
				GCC_WARN_UNUSED_VARIABLE = YES;
				IPHONEOS_DEPLOYMENT_TARGET = 17.5;
				LOCALIZATION_PREFERS_STRING_CATALOGS = YES;
				MTL_ENABLE_DEBUG_INFO = INCLUDE_SOURCE;
				MTL_FAST_MATH = YES;
				ONLY_ACTIVE_ARCH = YES;
				SDKROOT = iphoneos;
				SWIFT_ACTIVE_COMPILATION_CONDITIONS = "DEBUG $(inherited)";
				SWIFT_OPTIMIZATION_LEVEL = "-Onone";
			};
			name = Debug;
		};
		D9E6F3752C56F364007FD2F0 /* Release */ = {
			isa = XCBuildConfiguration;
			buildSettings = {
				ALWAYS_SEARCH_USER_PATHS = NO;
				ASSETCATALOG_COMPILER_GENERATE_SWIFT_ASSET_SYMBOL_EXTENSIONS = YES;
				CLANG_ANALYZER_LOCALIZABILITY_NONLOCALIZED = YES;
				CLANG_ANALYZER_NONNULL = YES;
				CLANG_ANALYZER_NUMBER_OBJECT_CONVERSION = YES_AGGRESSIVE;
				CLANG_CXX_LANGUAGE_STANDARD = "gnu++20";
				CLANG_ENABLE_MODULES = YES;
				CLANG_ENABLE_OBJC_ARC = YES;
				CLANG_ENABLE_OBJC_WEAK = YES;
				CLANG_WARN_BLOCK_CAPTURE_AUTORELEASING = YES;
				CLANG_WARN_BOOL_CONVERSION = YES;
				CLANG_WARN_COMMA = YES;
				CLANG_WARN_CONSTANT_CONVERSION = YES;
				CLANG_WARN_DEPRECATED_OBJC_IMPLEMENTATIONS = YES;
				CLANG_WARN_DIRECT_OBJC_ISA_USAGE = YES_ERROR;
				CLANG_WARN_DOCUMENTATION_COMMENTS = YES;
				CLANG_WARN_EMPTY_BODY = YES;
				CLANG_WARN_ENUM_CONVERSION = YES;
				CLANG_WARN_INFINITE_RECURSION = YES;
				CLANG_WARN_INT_CONVERSION = YES;
				CLANG_WARN_NON_LITERAL_NULL_CONVERSION = YES;
				CLANG_WARN_OBJC_IMPLICIT_RETAIN_SELF = YES;
				CLANG_WARN_OBJC_LITERAL_CONVERSION = YES;
				CLANG_WARN_OBJC_ROOT_CLASS = YES_ERROR;
				CLANG_WARN_QUOTED_INCLUDE_IN_FRAMEWORK_HEADER = YES;
				CLANG_WARN_RANGE_LOOP_ANALYSIS = YES;
				CLANG_WARN_STRICT_PROTOTYPES = YES;
				CLANG_WARN_SUSPICIOUS_MOVE = YES;
				CLANG_WARN_UNGUARDED_AVAILABILITY = YES_AGGRESSIVE;
				CLANG_WARN_UNREACHABLE_CODE = YES;
				CLANG_WARN__DUPLICATE_METHOD_MATCH = YES;
				COPY_PHASE_STRIP = NO;
				DEBUG_INFORMATION_FORMAT = "dwarf-with-dsym";
				ENABLE_NS_ASSERTIONS = NO;
				ENABLE_STRICT_OBJC_MSGSEND = YES;
				ENABLE_USER_SCRIPT_SANDBOXING = YES;
				GCC_C_LANGUAGE_STANDARD = gnu17;
				GCC_NO_COMMON_BLOCKS = YES;
				GCC_WARN_64_TO_32_BIT_CONVERSION = YES;
				GCC_WARN_ABOUT_RETURN_TYPE = YES_ERROR;
				GCC_WARN_UNDECLARED_SELECTOR = YES;
				GCC_WARN_UNINITIALIZED_AUTOS = YES_AGGRESSIVE;
				GCC_WARN_UNUSED_FUNCTION = YES;
				GCC_WARN_UNUSED_VARIABLE = YES;
				IPHONEOS_DEPLOYMENT_TARGET = 17.5;
				LOCALIZATION_PREFERS_STRING_CATALOGS = YES;
				MTL_ENABLE_DEBUG_INFO = NO;
				MTL_FAST_MATH = YES;
				SDKROOT = iphoneos;
				SWIFT_COMPILATION_MODE = wholemodule;
				VALIDATE_PRODUCT = YES;
			};
			name = Release;
		};
		D9E6F3772C56F364007FD2F0 /* Debug */ = {
			isa = XCBuildConfiguration;
			buildSettings = {
				ASSETCATALOG_COMPILER_APPICON_NAME = AppIcon;
				ASSETCATALOG_COMPILER_GLOBAL_ACCENT_COLOR_NAME = AccentColor;
				CODE_SIGN_STYLE = Automatic;
				CURRENT_PROJECT_VERSION = 1;
				DEVELOPMENT_TEAM = 87P7GYW9VY;
				GENERATE_INFOPLIST_FILE = YES;
				INFOPLIST_FILE = "radio-app-ios/Info.plist";
				INFOPLIST_KEY_CFBundleDisplayName = "Radio App";
				INFOPLIST_KEY_LSApplicationCategoryType = "public.app-category.entertainment";
				INFOPLIST_KEY_UIApplicationSupportsIndirectInputEvents = YES;
				INFOPLIST_KEY_UILaunchStoryboardName = LaunchScreen;
				INFOPLIST_KEY_UIMainStoryboardFile = "";
				INFOPLIST_KEY_UISupportedInterfaceOrientations = UIInterfaceOrientationPortrait;
				IPHONEOS_DEPLOYMENT_TARGET = 15.0;
				LD_RUNPATH_SEARCH_PATHS = (
					"$(inherited)",
					"@executable_path/Frameworks",
				);
				MARKETING_VERSION = 1.0;
				PRODUCT_BUNDLE_IDENTIFIER = "com.anyteam.radio-app-ios";
				PRODUCT_NAME = "$(TARGET_NAME)";
				SUPPORTED_PLATFORMS = "iphoneos iphonesimulator";
				SUPPORTS_MACCATALYST = NO;
				SUPPORTS_MAC_DESIGNED_FOR_IPHONE_IPAD = NO;
				SUPPORTS_XR_DESIGNED_FOR_IPHONE_IPAD = NO;
				SWIFT_EMIT_LOC_STRINGS = YES;
				SWIFT_VERSION = 5.0;
				TARGETED_DEVICE_FAMILY = 1;
			};
			name = Debug;
		};
		D9E6F3782C56F364007FD2F0 /* Release */ = {
			isa = XCBuildConfiguration;
			buildSettings = {
				ASSETCATALOG_COMPILER_APPICON_NAME = AppIcon;
				ASSETCATALOG_COMPILER_GLOBAL_ACCENT_COLOR_NAME = AccentColor;
				CODE_SIGN_STYLE = Automatic;
				CURRENT_PROJECT_VERSION = 1;
				DEVELOPMENT_TEAM = 87P7GYW9VY;
				GENERATE_INFOPLIST_FILE = YES;
				INFOPLIST_FILE = "radio-app-ios/Info.plist";
				INFOPLIST_KEY_CFBundleDisplayName = "Radio App";
				INFOPLIST_KEY_LSApplicationCategoryType = "public.app-category.entertainment";
				INFOPLIST_KEY_UIApplicationSupportsIndirectInputEvents = YES;
				INFOPLIST_KEY_UILaunchStoryboardName = LaunchScreen;
				INFOPLIST_KEY_UIMainStoryboardFile = "";
				INFOPLIST_KEY_UISupportedInterfaceOrientations = UIInterfaceOrientationPortrait;
				IPHONEOS_DEPLOYMENT_TARGET = 15.0;
				LD_RUNPATH_SEARCH_PATHS = (
					"$(inherited)",
					"@executable_path/Frameworks",
				);
				MARKETING_VERSION = 1.0;
				PRODUCT_BUNDLE_IDENTIFIER = "com.anyteam.radio-app-ios";
				PRODUCT_NAME = "$(TARGET_NAME)";
				SUPPORTED_PLATFORMS = "iphoneos iphonesimulator";
				SUPPORTS_MACCATALYST = NO;
				SUPPORTS_MAC_DESIGNED_FOR_IPHONE_IPAD = NO;
				SUPPORTS_XR_DESIGNED_FOR_IPHONE_IPAD = NO;
				SWIFT_EMIT_LOC_STRINGS = YES;
				SWIFT_VERSION = 5.0;
				TARGETED_DEVICE_FAMILY = 1;
			};
			name = Release;
		};
/* End XCBuildConfiguration section */

/* Begin XCConfigurationList section */
		D9E6F35D2C56F362007FD2F0 /* Build configuration list for PBXProject "radio-app-ios" */ = {
			isa = XCConfigurationList;
			buildConfigurations = (
				D9E6F3742C56F364007FD2F0 /* Debug */,
				D9E6F3752C56F364007FD2F0 /* Release */,
			);
			defaultConfigurationIsVisible = 0;
			defaultConfigurationName = Release;
		};
		D9E6F3762C56F364007FD2F0 /* Build configuration list for PBXNativeTarget "radio-app-ios" */ = {
			isa = XCConfigurationList;
			buildConfigurations = (
				D9E6F3772C56F364007FD2F0 /* Debug */,
				D9E6F3782C56F364007FD2F0 /* Release */,
			);
			defaultConfigurationIsVisible = 0;
			defaultConfigurationName = Release;
		};
/* End XCConfigurationList section */
	};
	rootObject = D9E6F35A2C56F362007FD2F0 /* Project object */;
}
